// !$*UTF8*$!
{
	archiveVersion = 1;
	classes = {
	};
	objectVersion = 56;
	objects = {

/* Begin PBXBuildFile section */
		FB1073BE2A0A552600BC73BD /* NewsViewController.swift in Sources */ = {isa = PBXBuildFile; fileRef = FB1073BD2A0A552600BC73BD /* NewsViewController.swift */; };
		FB15CAD7297566D800FEE718 /* AppDelegate.swift in Sources */ = {isa = PBXBuildFile; fileRef = FB15CAD6297566D800FEE718 /* AppDelegate.swift */; };
		FB15CAD9297566D800FEE718 /* SceneDelegate.swift in Sources */ = {isa = PBXBuildFile; fileRef = FB15CAD8297566D800FEE718 /* SceneDelegate.swift */; };
		FB15CADB297566D800FEE718 /* SolarSystemViewController.swift in Sources */ = {isa = PBXBuildFile; fileRef = FB15CADA297566D800FEE718 /* SolarSystemViewController.swift */; };
		FB15CADE297566D800FEE718 /* Main.storyboard in Resources */ = {isa = PBXBuildFile; fileRef = FB15CADC297566D800FEE718 /* Main.storyboard */; };
		FB15CAE0297566DA00FEE718 /* Assets.xcassets in Resources */ = {isa = PBXBuildFile; fileRef = FB15CADF297566DA00FEE718 /* Assets.xcassets */; };
		FB15CAE3297566DA00FEE718 /* LaunchScreen.storyboard in Resources */ = {isa = PBXBuildFile; fileRef = FB15CAE1297566DA00FEE718 /* LaunchScreen.storyboard */; };
		FB15CAF8297566DB00FEE718 /* PlanetsUITests.swift in Sources */ = {isa = PBXBuildFile; fileRef = FB15CAF7297566DB00FEE718 /* PlanetsUITests.swift */; };
		FB15CAFA297566DB00FEE718 /* PlanetsUITestsLaunchTests.swift in Sources */ = {isa = PBXBuildFile; fileRef = FB15CAF9297566DB00FEE718 /* PlanetsUITestsLaunchTests.swift */; };
		FB15CB0729756AD600FEE718 /* FirebaseData.swift in Sources */ = {isa = PBXBuildFile; fileRef = FB15CB0629756AD600FEE718 /* FirebaseData.swift */; };
		FB15CB0A29756CD600FEE718 /* GoogleService-Info.plist in Resources */ = {isa = PBXBuildFile; fileRef = FB15CB0929756CD600FEE718 /* GoogleService-Info.plist */; };
		FB15CB0B29756CD600FEE718 /* GoogleService-Info.plist in Resources */ = {isa = PBXBuildFile; fileRef = FB15CB0929756CD600FEE718 /* GoogleService-Info.plist */; };
		FB15CB1E2975735700FEE718 /* FirebaseDataService.swift in Sources */ = {isa = PBXBuildFile; fileRef = FB15CB1D2975735700FEE718 /* FirebaseDataService.swift */; };
		FB15CB1F2975735700FEE718 /* FirebaseDataService.swift in Sources */ = {isa = PBXBuildFile; fileRef = FB15CB1D2975735700FEE718 /* FirebaseDataService.swift */; };
		FB15CB212975745200FEE718 /* FirebaseWrapper.swift in Sources */ = {isa = PBXBuildFile; fileRef = FB15CB202975745200FEE718 /* FirebaseWrapper.swift */; };
		FB15CB222975745200FEE718 /* FirebaseWrapper.swift in Sources */ = {isa = PBXBuildFile; fileRef = FB15CB202975745200FEE718 /* FirebaseWrapper.swift */; };
		FB15CB272975958A00FEE718 /* SolarSystemTableViewCell.swift in Sources */ = {isa = PBXBuildFile; fileRef = FB15CB262975958A00FEE718 /* SolarSystemTableViewCell.swift */; };
		FB15CB282975958A00FEE718 /* SolarSystemTableViewCell.swift in Sources */ = {isa = PBXBuildFile; fileRef = FB15CB262975958A00FEE718 /* SolarSystemTableViewCell.swift */; };
		FB15CB2A2976935100FEE718 /* DetailViewController.swift in Sources */ = {isa = PBXBuildFile; fileRef = FB15CB292976935000FEE718 /* DetailViewController.swift */; };
		FB1881AE2A12DC5100B6EBCC /* ApiKeys.swift in Sources */ = {isa = PBXBuildFile; fileRef = FB1881AD2A12DC5100B6EBCC /* ApiKeys.swift */; };
		FB1919D62A240EB1003DA575 /* FirebaseAnalytics in Frameworks */ = {isa = PBXBuildFile; productRef = FB1919D52A240EB1003DA575 /* FirebaseAnalytics */; };
		FB1919D82A240EB1003DA575 /* FirebaseCrashlytics in Frameworks */ = {isa = PBXBuildFile; productRef = FB1919D72A240EB1003DA575 /* FirebaseCrashlytics */; };
		FB1919DA2A240EB1003DA575 /* FirebaseDatabase in Frameworks */ = {isa = PBXBuildFile; productRef = FB1919D92A240EB1003DA575 /* FirebaseDatabase */; };
		FB1919DC2A240EB1003DA575 /* FirebaseFirestore in Frameworks */ = {isa = PBXBuildFile; productRef = FB1919DB2A240EB1003DA575 /* FirebaseFirestore */; };
		FB1919EF2A24A207003DA575 /* FirebaseWrapperMock.swift in Sources */ = {isa = PBXBuildFile; fileRef = FB1919EE2A24A207003DA575 /* FirebaseWrapperMock.swift */; };
		FB40AE5F2A13D14A0067FCAC /* ArticleService.swift in Sources */ = {isa = PBXBuildFile; fileRef = FB40AE5E2A13D14A0067FCAC /* ArticleService.swift */; };
		FB40AE612A13D1700067FCAC /* LocalArticle.swift in Sources */ = {isa = PBXBuildFile; fileRef = FB40AE602A13D1700067FCAC /* LocalArticle.swift */; };
		FB40AE632A13D2E00067FCAC /* Article.swift in Sources */ = {isa = PBXBuildFile; fileRef = FB40AE622A13D2E00067FCAC /* Article.swift */; };
		FB40AE652A14C6B90067FCAC /* DetailArticleViewController.swift in Sources */ = {isa = PBXBuildFile; fileRef = FB40AE642A14C6B90067FCAC /* DetailArticleViewController.swift */; };
		FB5DE7BF297C073B00F60C92 /* Utilities.swift in Sources */ = {isa = PBXBuildFile; fileRef = FB5DE7BE297C073A00F60C92 /* Utilities.swift */; };
		FB5DE80A297FCA4100F60C92 /* DataServiceTest.swift in Sources */ = {isa = PBXBuildFile; fileRef = FB5DE809297FCA4000F60C92 /* DataServiceTest.swift */; };
		FB605C892A1543E400622E94 /* ArticleTableViewCell.swift in Sources */ = {isa = PBXBuildFile; fileRef = FB605C882A1543E400622E94 /* ArticleTableViewCell.swift */; };
		FB6922282A094C400034A65B /* FavoritesTableViewCell.swift in Sources */ = {isa = PBXBuildFile; fileRef = FB6922272A094C400034A65B /* FavoritesTableViewCell.swift */; };
		FB69222A2A095ED50034A65B /* DetailPictureViewController.swift in Sources */ = {isa = PBXBuildFile; fileRef = FB6922292A095ED50034A65B /* DetailPictureViewController.swift */; };
		FB849A3129D6E8A700ACABA6 /* AsteroidsViewController.swift in Sources */ = {isa = PBXBuildFile; fileRef = FB849A3029D6E8A700ACABA6 /* AsteroidsViewController.swift */; };
		FB849A3329D6EADF00ACABA6 /* AsteroidService.swift in Sources */ = {isa = PBXBuildFile; fileRef = FB849A3229D6EADF00ACABA6 /* AsteroidService.swift */; };
		FB849A3729D6EB1900ACABA6 /* ResultAsteroid.swift in Sources */ = {isa = PBXBuildFile; fileRef = FB849A3629D6EB1900ACABA6 /* ResultAsteroid.swift */; };
		FB849A3A29D6EBF900ACABA6 /* Alamofire in Frameworks */ = {isa = PBXBuildFile; productRef = FB849A3929D6EBF900ACABA6 /* Alamofire */; };
		FB849A4829DB126600ACABA6 /* AsteroidTableViewCell.swift in Sources */ = {isa = PBXBuildFile; fileRef = FB849A4729DB126500ACABA6 /* AsteroidTableViewCell.swift */; };
		FB849A4A29DB69AB00ACABA6 /* Asteroid.swift in Sources */ = {isa = PBXBuildFile; fileRef = FB849A4929DB69AB00ACABA6 /* Asteroid.swift */; };
		FB849A4C29DD7A5300ACABA6 /* DetailAsteroidViewController.swift in Sources */ = {isa = PBXBuildFile; fileRef = FB849A4B29DD7A5200ACABA6 /* DetailAsteroidViewController.swift */; };
		FB9D31BA2A215F9F00CCC8D9 /* PrivacyPolicyViewController.swift in Sources */ = {isa = PBXBuildFile; fileRef = FB9D31B92A215F9F00CCC8D9 /* PrivacyPolicyViewController.swift */; };
		FB9D31BC2A21621700CCC8D9 /* FirebasePrivacyPolicy.swift in Sources */ = {isa = PBXBuildFile; fileRef = FB9D31BB2A21621700CCC8D9 /* FirebasePrivacyPolicy.swift */; };
		FBAB2A7929F6D75500B31C6D /* Picture.swift in Sources */ = {isa = PBXBuildFile; fileRef = FBAB2A7829F6D75500B31C6D /* Picture.swift */; };
		FBAC78FA29F563AB009DFF86 /* PictureService.swift in Sources */ = {isa = PBXBuildFile; fileRef = FBAC78F929F563AB009DFF86 /* PictureService.swift */; };
		FBAC78FC29F56464009DFF86 /* APIApod.swift in Sources */ = {isa = PBXBuildFile; fileRef = FBAC78FB29F56464009DFF86 /* APIApod.swift */; };
		FBC473432A1F618400E70C4A /* SDWebImage in Frameworks */ = {isa = PBXBuildFile; productRef = FBC473422A1F618400E70C4A /* SDWebImage */; };
		FBC473452A1FBCBC00E70C4A /* SettingsTableViewController.swift in Sources */ = {isa = PBXBuildFile; fileRef = FBC473442A1FBCBC00E70C4A /* SettingsTableViewController.swift */; };
		FBF8657029FD0DD700646278 /* FavoritesViewController.swift in Sources */ = {isa = PBXBuildFile; fileRef = FBF8656F29FD0DD700646278 /* FavoritesViewController.swift */; };
		FBF8657629FD0F4700646278 /* Astropedia.xcdatamodeld in Sources */ = {isa = PBXBuildFile; fileRef = FBF8657429FD0F4700646278 /* Astropedia.xcdatamodeld */; };
		FBF8657D29FD17C200646278 /* LocalPicture.swift in Sources */ = {isa = PBXBuildFile; fileRef = FBF8657C29FD17C200646278 /* LocalPicture.swift */; };
		FBF8657F29FD195B00646278 /* CoreDataStack.swift in Sources */ = {isa = PBXBuildFile; fileRef = FBF8657E29FD195B00646278 /* CoreDataStack.swift */; };
		FBF937852A0A6E1D008235E6 /* PictureTableViewCell.swift in Sources */ = {isa = PBXBuildFile; fileRef = FBF937842A0A6E1C008235E6 /* PictureTableViewCell.swift */; };
		FBF937892A0A94FF008235E6 /* FirebaseArticle.swift in Sources */ = {isa = PBXBuildFile; fileRef = FBF937882A0A94FF008235E6 /* FirebaseArticle.swift */; };
/* End PBXBuildFile section */

/* Begin PBXContainerItemProxy section */
		FB15CAEA297566DB00FEE718 /* PBXContainerItemProxy */ = {
			isa = PBXContainerItemProxy;
			containerPortal = FB15CACB297566D800FEE718 /* Project object */;
			proxyType = 1;
			remoteGlobalIDString = FB15CAD2297566D800FEE718;
			remoteInfo = Planets;
		};
		FB15CAF4297566DB00FEE718 /* PBXContainerItemProxy */ = {
			isa = PBXContainerItemProxy;
			containerPortal = FB15CACB297566D800FEE718 /* Project object */;
			proxyType = 1;
			remoteGlobalIDString = FB15CAD2297566D800FEE718;
			remoteInfo = Planets;
		};
/* End PBXContainerItemProxy section */

/* Begin PBXFileReference section */
		FB1073BD2A0A552600BC73BD /* NewsViewController.swift */ = {isa = PBXFileReference; lastKnownFileType = sourcecode.swift; path = NewsViewController.swift; sourceTree = "<group>"; };
		FB15CAD3297566D800FEE718 /* Planets.app */ = {isa = PBXFileReference; explicitFileType = wrapper.application; includeInIndex = 0; path = Planets.app; sourceTree = BUILT_PRODUCTS_DIR; };
		FB15CAD6297566D800FEE718 /* AppDelegate.swift */ = {isa = PBXFileReference; lastKnownFileType = sourcecode.swift; path = AppDelegate.swift; sourceTree = "<group>"; };
		FB15CAD8297566D800FEE718 /* SceneDelegate.swift */ = {isa = PBXFileReference; lastKnownFileType = sourcecode.swift; path = SceneDelegate.swift; sourceTree = "<group>"; };
		FB15CADA297566D800FEE718 /* SolarSystemViewController.swift */ = {isa = PBXFileReference; lastKnownFileType = sourcecode.swift; path = SolarSystemViewController.swift; sourceTree = "<group>"; };
		FB15CADD297566D800FEE718 /* Base */ = {isa = PBXFileReference; lastKnownFileType = file.storyboard; name = Base; path = Base.lproj/Main.storyboard; sourceTree = "<group>"; };
		FB15CADF297566DA00FEE718 /* Assets.xcassets */ = {isa = PBXFileReference; lastKnownFileType = folder.assetcatalog; path = Assets.xcassets; sourceTree = "<group>"; };
		FB15CAE2297566DA00FEE718 /* Base */ = {isa = PBXFileReference; lastKnownFileType = file.storyboard; name = Base; path = Base.lproj/LaunchScreen.storyboard; sourceTree = "<group>"; };
		FB15CAE4297566DA00FEE718 /* Info.plist */ = {isa = PBXFileReference; lastKnownFileType = text.plist.xml; path = Info.plist; sourceTree = "<group>"; };
		FB15CAE9297566DB00FEE718 /* PlanetsTests.xctest */ = {isa = PBXFileReference; explicitFileType = wrapper.cfbundle; includeInIndex = 0; path = PlanetsTests.xctest; sourceTree = BUILT_PRODUCTS_DIR; };
		FB15CAF3297566DB00FEE718 /* PlanetsUITests.xctest */ = {isa = PBXFileReference; explicitFileType = wrapper.cfbundle; includeInIndex = 0; path = PlanetsUITests.xctest; sourceTree = BUILT_PRODUCTS_DIR; };
		FB15CAF7297566DB00FEE718 /* PlanetsUITests.swift */ = {isa = PBXFileReference; lastKnownFileType = sourcecode.swift; path = PlanetsUITests.swift; sourceTree = "<group>"; };
		FB15CAF9297566DB00FEE718 /* PlanetsUITestsLaunchTests.swift */ = {isa = PBXFileReference; lastKnownFileType = sourcecode.swift; path = PlanetsUITestsLaunchTests.swift; sourceTree = "<group>"; };
		FB15CB0629756AD600FEE718 /* FirebaseData.swift */ = {isa = PBXFileReference; lastKnownFileType = sourcecode.swift; path = FirebaseData.swift; sourceTree = "<group>"; };
		FB15CB0929756CD600FEE718 /* GoogleService-Info.plist */ = {isa = PBXFileReference; fileEncoding = 4; lastKnownFileType = text.plist.xml; name = "GoogleService-Info.plist"; path = "../GoogleService-Info.plist"; sourceTree = "<group>"; };
		FB15CB1D2975735700FEE718 /* FirebaseDataService.swift */ = {isa = PBXFileReference; lastKnownFileType = sourcecode.swift; path = FirebaseDataService.swift; sourceTree = "<group>"; };
		FB15CB202975745200FEE718 /* FirebaseWrapper.swift */ = {isa = PBXFileReference; lastKnownFileType = sourcecode.swift; path = FirebaseWrapper.swift; sourceTree = "<group>"; };
		FB15CB262975958A00FEE718 /* SolarSystemTableViewCell.swift */ = {isa = PBXFileReference; lastKnownFileType = sourcecode.swift; path = SolarSystemTableViewCell.swift; sourceTree = "<group>"; };
		FB15CB292976935000FEE718 /* DetailViewController.swift */ = {isa = PBXFileReference; lastKnownFileType = sourcecode.swift; path = DetailViewController.swift; sourceTree = "<group>"; };
		FB1881AD2A12DC5100B6EBCC /* ApiKeys.swift */ = {isa = PBXFileReference; lastKnownFileType = sourcecode.swift; path = ApiKeys.swift; sourceTree = "<group>"; };
		FB1919EE2A24A207003DA575 /* FirebaseWrapperMock.swift */ = {isa = PBXFileReference; lastKnownFileType = sourcecode.swift; path = FirebaseWrapperMock.swift; sourceTree = "<group>"; };
		FB40AE5E2A13D14A0067FCAC /* ArticleService.swift */ = {isa = PBXFileReference; lastKnownFileType = sourcecode.swift; path = ArticleService.swift; sourceTree = "<group>"; };
		FB40AE602A13D1700067FCAC /* LocalArticle.swift */ = {isa = PBXFileReference; lastKnownFileType = sourcecode.swift; path = LocalArticle.swift; sourceTree = "<group>"; };
		FB40AE622A13D2E00067FCAC /* Article.swift */ = {isa = PBXFileReference; lastKnownFileType = sourcecode.swift; path = Article.swift; sourceTree = "<group>"; };
		FB40AE642A14C6B90067FCAC /* DetailArticleViewController.swift */ = {isa = PBXFileReference; lastKnownFileType = sourcecode.swift; path = DetailArticleViewController.swift; sourceTree = "<group>"; };
		FB5DE7BE297C073A00F60C92 /* Utilities.swift */ = {isa = PBXFileReference; lastKnownFileType = sourcecode.swift; path = Utilities.swift; sourceTree = "<group>"; };
		FB5DE7C5297C3DB200F60C92 /* fr */ = {isa = PBXFileReference; lastKnownFileType = text.plist.strings; name = fr; path = fr.lproj/Main.strings; sourceTree = "<group>"; };
		FB5DE7C6297C3DB300F60C92 /* fr */ = {isa = PBXFileReference; lastKnownFileType = text.plist.strings; name = fr; path = fr.lproj/LaunchScreen.strings; sourceTree = "<group>"; };
		FB5DE809297FCA4000F60C92 /* DataServiceTest.swift */ = {isa = PBXFileReference; lastKnownFileType = sourcecode.swift; path = DataServiceTest.swift; sourceTree = "<group>"; };
		FB605C882A1543E400622E94 /* ArticleTableViewCell.swift */ = {isa = PBXFileReference; lastKnownFileType = sourcecode.swift; path = ArticleTableViewCell.swift; sourceTree = "<group>"; };
		FB6922272A094C400034A65B /* FavoritesTableViewCell.swift */ = {isa = PBXFileReference; lastKnownFileType = sourcecode.swift; path = FavoritesTableViewCell.swift; sourceTree = "<group>"; };
		FB6922292A095ED50034A65B /* DetailPictureViewController.swift */ = {isa = PBXFileReference; lastKnownFileType = sourcecode.swift; path = DetailPictureViewController.swift; sourceTree = "<group>"; };
		FB849A3029D6E8A700ACABA6 /* AsteroidsViewController.swift */ = {isa = PBXFileReference; lastKnownFileType = sourcecode.swift; path = AsteroidsViewController.swift; sourceTree = "<group>"; };
		FB849A3229D6EADF00ACABA6 /* AsteroidService.swift */ = {isa = PBXFileReference; lastKnownFileType = sourcecode.swift; path = AsteroidService.swift; sourceTree = "<group>"; };
		FB849A3629D6EB1900ACABA6 /* ResultAsteroid.swift */ = {isa = PBXFileReference; lastKnownFileType = sourcecode.swift; path = ResultAsteroid.swift; sourceTree = "<group>"; };
		FB849A4729DB126500ACABA6 /* AsteroidTableViewCell.swift */ = {isa = PBXFileReference; lastKnownFileType = sourcecode.swift; path = AsteroidTableViewCell.swift; sourceTree = "<group>"; };
		FB849A4929DB69AB00ACABA6 /* Asteroid.swift */ = {isa = PBXFileReference; lastKnownFileType = sourcecode.swift; path = Asteroid.swift; sourceTree = "<group>"; };
		FB849A4B29DD7A5200ACABA6 /* DetailAsteroidViewController.swift */ = {isa = PBXFileReference; lastKnownFileType = sourcecode.swift; path = DetailAsteroidViewController.swift; sourceTree = "<group>"; };
		FB9D31B92A215F9F00CCC8D9 /* PrivacyPolicyViewController.swift */ = {isa = PBXFileReference; lastKnownFileType = sourcecode.swift; path = PrivacyPolicyViewController.swift; sourceTree = "<group>"; };
		FB9D31BB2A21621700CCC8D9 /* FirebasePrivacyPolicy.swift */ = {isa = PBXFileReference; lastKnownFileType = sourcecode.swift; path = FirebasePrivacyPolicy.swift; sourceTree = "<group>"; };
		FBAB2A7829F6D75500B31C6D /* Picture.swift */ = {isa = PBXFileReference; lastKnownFileType = sourcecode.swift; path = Picture.swift; sourceTree = "<group>"; };
		FBAC78F929F563AB009DFF86 /* PictureService.swift */ = {isa = PBXFileReference; lastKnownFileType = sourcecode.swift; path = PictureService.swift; sourceTree = "<group>"; };
		FBAC78FB29F56464009DFF86 /* APIApod.swift */ = {isa = PBXFileReference; lastKnownFileType = sourcecode.swift; path = APIApod.swift; sourceTree = "<group>"; };
		FBC473442A1FBCBC00E70C4A /* SettingsTableViewController.swift */ = {isa = PBXFileReference; lastKnownFileType = sourcecode.swift; path = SettingsTableViewController.swift; sourceTree = "<group>"; };
		FBF8656F29FD0DD700646278 /* FavoritesViewController.swift */ = {isa = PBXFileReference; lastKnownFileType = sourcecode.swift; path = FavoritesViewController.swift; sourceTree = "<group>"; };
		FBF8657529FD0F4700646278 /* Astropedia.xcdatamodel */ = {isa = PBXFileReference; lastKnownFileType = wrapper.xcdatamodel; path = Astropedia.xcdatamodel; sourceTree = "<group>"; };
		FBF8657C29FD17C200646278 /* LocalPicture.swift */ = {isa = PBXFileReference; lastKnownFileType = sourcecode.swift; path = LocalPicture.swift; sourceTree = "<group>"; };
		FBF8657E29FD195B00646278 /* CoreDataStack.swift */ = {isa = PBXFileReference; lastKnownFileType = sourcecode.swift; path = CoreDataStack.swift; sourceTree = "<group>"; };
		FBF937842A0A6E1C008235E6 /* PictureTableViewCell.swift */ = {isa = PBXFileReference; lastKnownFileType = sourcecode.swift; path = PictureTableViewCell.swift; sourceTree = "<group>"; };
		FBF937882A0A94FF008235E6 /* FirebaseArticle.swift */ = {isa = PBXFileReference; lastKnownFileType = sourcecode.swift; path = FirebaseArticle.swift; sourceTree = "<group>"; };
/* End PBXFileReference section */

/* Begin PBXFrameworksBuildPhase section */
		FB15CAD0297566D800FEE718 /* Frameworks */ = {
			isa = PBXFrameworksBuildPhase;
			buildActionMask = 2147483647;
			files = (
				FB1919DA2A240EB1003DA575 /* FirebaseDatabase in Frameworks */,
				FBC473432A1F618400E70C4A /* SDWebImage in Frameworks */,
				FB1919D82A240EB1003DA575 /* FirebaseCrashlytics in Frameworks */,
				FB849A3A29D6EBF900ACABA6 /* Alamofire in Frameworks */,
				FB1919D62A240EB1003DA575 /* FirebaseAnalytics in Frameworks */,
				FB1919DC2A240EB1003DA575 /* FirebaseFirestore in Frameworks */,
			);
			runOnlyForDeploymentPostprocessing = 0;
		};
		FB15CAE6297566DB00FEE718 /* Frameworks */ = {
			isa = PBXFrameworksBuildPhase;
			buildActionMask = 2147483647;
			files = (
			);
			runOnlyForDeploymentPostprocessing = 0;
		};
		FB15CAF0297566DB00FEE718 /* Frameworks */ = {
			isa = PBXFrameworksBuildPhase;
			buildActionMask = 2147483647;
			files = (
			);
			runOnlyForDeploymentPostprocessing = 0;
		};
/* End PBXFrameworksBuildPhase section */

/* Begin PBXGroup section */
		FB15CACA297566D800FEE718 = {
			isa = PBXGroup;
			children = (
				FB15CAD5297566D800FEE718 /* Planets */,
				FB15CAEC297566DB00FEE718 /* PlanetsTests */,
				FB15CAF6297566DB00FEE718 /* PlanetsUITests */,
				FB15CAD4297566D800FEE718 /* Products */,
			);
			sourceTree = "<group>";
		};
		FB15CAD4297566D800FEE718 /* Products */ = {
			isa = PBXGroup;
			children = (
				FB15CAD3297566D800FEE718 /* Planets.app */,
				FB15CAE9297566DB00FEE718 /* PlanetsTests.xctest */,
				FB15CAF3297566DB00FEE718 /* PlanetsUITests.xctest */,
			);
			name = Products;
			sourceTree = "<group>";
		};
		FB15CAD5297566D800FEE718 /* Planets */ = {
			isa = PBXGroup;
			children = (
				FB15CAD6297566D800FEE718 /* AppDelegate.swift */,
				FB15CAD8297566D800FEE718 /* SceneDelegate.swift */,
				FB15CB1A2975731100FEE718 /* Model */,
				FB15CB1B2975731D00FEE718 /* View */,
				FB15CB1C2975732C00FEE718 /* Controller */,
				FB15CADF297566DA00FEE718 /* Assets.xcassets */,
				FB15CAE4297566DA00FEE718 /* Info.plist */,
			);
			path = Planets;
			sourceTree = "<group>";
		};
		FB15CAEC297566DB00FEE718 /* PlanetsTests */ = {
			isa = PBXGroup;
			children = (
				FB5DE809297FCA4000F60C92 /* DataServiceTest.swift */,
				FB1919EE2A24A207003DA575 /* FirebaseWrapperMock.swift */,
			);
			path = PlanetsTests;
			sourceTree = "<group>";
		};
		FB15CAF6297566DB00FEE718 /* PlanetsUITests */ = {
			isa = PBXGroup;
			children = (
				FB15CAF7297566DB00FEE718 /* PlanetsUITests.swift */,
				FB15CAF9297566DB00FEE718 /* PlanetsUITestsLaunchTests.swift */,
				FB15CB0929756CD600FEE718 /* GoogleService-Info.plist */,
			);
			path = PlanetsUITests;
			sourceTree = "<group>";
		};
		FB15CB1A2975731100FEE718 /* Model */ = {
			isa = PBXGroup;
			children = (
				FBF8657B29FD10DE00646278 /* CoreData */,
				FBF8657A29FD10C600646278 /* Firebase */,
				FBF8657929FD10A100646278 /* Asteroid */,
				FBF8657729FD108500646278 /* Picture */,
				FB40AE5D2A13D12B0067FCAC /* Article */,
				FB1881AD2A12DC5100B6EBCC /* ApiKeys.swift */,
			);
			path = Model;
			sourceTree = "<group>";
		};
		FB15CB1B2975731D00FEE718 /* View */ = {
			isa = PBXGroup;
			children = (
				FB15CADC297566D800FEE718 /* Main.storyboard */,
				FB15CAE1297566DA00FEE718 /* LaunchScreen.storyboard */,
				FB15CB262975958A00FEE718 /* SolarSystemTableViewCell.swift */,
				FB849A4729DB126500ACABA6 /* AsteroidTableViewCell.swift */,
				FBF937842A0A6E1C008235E6 /* PictureTableViewCell.swift */,
				FB605C882A1543E400622E94 /* ArticleTableViewCell.swift */,
				FB6922272A094C400034A65B /* FavoritesTableViewCell.swift */,
				FB5DE7BE297C073A00F60C92 /* Utilities.swift */,
			);
			path = View;
			sourceTree = "<group>";
		};
		FB15CB1C2975732C00FEE718 /* Controller */ = {
			isa = PBXGroup;
			children = (
				FB1073BD2A0A552600BC73BD /* NewsViewController.swift */,
				FB15CADA297566D800FEE718 /* SolarSystemViewController.swift */,
				FB15CB292976935000FEE718 /* DetailViewController.swift */,
				FB849A3029D6E8A700ACABA6 /* AsteroidsViewController.swift */,
				FB849A4B29DD7A5200ACABA6 /* DetailAsteroidViewController.swift */,
				FBF8656F29FD0DD700646278 /* FavoritesViewController.swift */,
				FB6922292A095ED50034A65B /* DetailPictureViewController.swift */,
				FB40AE642A14C6B90067FCAC /* DetailArticleViewController.swift */,
				FBC473442A1FBCBC00E70C4A /* SettingsTableViewController.swift */,
				FB9D31B92A215F9F00CCC8D9 /* PrivacyPolicyViewController.swift */,
			);
			path = Controller;
			sourceTree = "<group>";
		};
		FB40AE5D2A13D12B0067FCAC /* Article */ = {
			isa = PBXGroup;
			children = (
				FB40AE5E2A13D14A0067FCAC /* ArticleService.swift */,
				FB40AE622A13D2E00067FCAC /* Article.swift */,
			);
			path = Article;
			sourceTree = "<group>";
		};
		FBF8657729FD108500646278 /* Picture */ = {
			isa = PBXGroup;
			children = (
				FBAC78FB29F56464009DFF86 /* APIApod.swift */,
				FBAB2A7829F6D75500B31C6D /* Picture.swift */,
				FBAC78F929F563AB009DFF86 /* PictureService.swift */,
			);
			path = Picture;
			sourceTree = "<group>";
		};
		FBF8657929FD10A100646278 /* Asteroid */ = {
			isa = PBXGroup;
			children = (
				FB849A3629D6EB1900ACABA6 /* ResultAsteroid.swift */,
				FB849A4929DB69AB00ACABA6 /* Asteroid.swift */,
				FB849A3229D6EADF00ACABA6 /* AsteroidService.swift */,
			);
			path = Asteroid;
			sourceTree = "<group>";
		};
		FBF8657A29FD10C600646278 /* Firebase */ = {
			isa = PBXGroup;
			children = (
				FB15CB202975745200FEE718 /* FirebaseWrapper.swift */,
				FB15CB0629756AD600FEE718 /* FirebaseData.swift */,
				FB15CB1D2975735700FEE718 /* FirebaseDataService.swift */,
				FBF937882A0A94FF008235E6 /* FirebaseArticle.swift */,
				FB9D31BB2A21621700CCC8D9 /* FirebasePrivacyPolicy.swift */,
			);
			path = Firebase;
			sourceTree = "<group>";
		};
		FBF8657B29FD10DE00646278 /* CoreData */ = {
			isa = PBXGroup;
			children = (
				FBF8657429FD0F4700646278 /* Astropedia.xcdatamodeld */,
				FBF8657E29FD195B00646278 /* CoreDataStack.swift */,
				FBF8657C29FD17C200646278 /* LocalPicture.swift */,
				FB40AE602A13D1700067FCAC /* LocalArticle.swift */,
			);
			path = CoreData;
			sourceTree = "<group>";
		};
/* End PBXGroup section */

/* Begin PBXNativeTarget section */
		FB15CAD2297566D800FEE718 /* Planets */ = {
			isa = PBXNativeTarget;
			buildConfigurationList = FB15CAFD297566DB00FEE718 /* Build configuration list for PBXNativeTarget "Planets" */;
			buildPhases = (
				FB15CACF297566D800FEE718 /* Sources */,
				FB15CAD0297566D800FEE718 /* Frameworks */,
				FB15CAD1297566D800FEE718 /* Resources */,
				FB0EAAF929F7388E0044B593 /* ShellScript */,
			);
			buildRules = (
			);
			dependencies = (
			);
			name = Planets;
			packageProductDependencies = (
				FB849A3929D6EBF900ACABA6 /* Alamofire */,
				FBC473422A1F618400E70C4A /* SDWebImage */,
				FB1919D52A240EB1003DA575 /* FirebaseAnalytics */,
				FB1919D72A240EB1003DA575 /* FirebaseCrashlytics */,
				FB1919D92A240EB1003DA575 /* FirebaseDatabase */,
				FB1919DB2A240EB1003DA575 /* FirebaseFirestore */,
			);
			productName = Planets;
			productReference = FB15CAD3297566D800FEE718 /* Planets.app */;
			productType = "com.apple.product-type.application";
		};
		FB15CAE8297566DB00FEE718 /* PlanetsTests */ = {
			isa = PBXNativeTarget;
			buildConfigurationList = FB15CB00297566DB00FEE718 /* Build configuration list for PBXNativeTarget "PlanetsTests" */;
			buildPhases = (
				FB15CAE5297566DB00FEE718 /* Sources */,
				FB15CAE6297566DB00FEE718 /* Frameworks */,
				FB15CAE7297566DB00FEE718 /* Resources */,
			);
			buildRules = (
			);
			dependencies = (
				FB15CAEB297566DB00FEE718 /* PBXTargetDependency */,
			);
			name = PlanetsTests;
			productName = PlanetsTests;
			productReference = FB15CAE9297566DB00FEE718 /* PlanetsTests.xctest */;
			productType = "com.apple.product-type.bundle.unit-test";
		};
		FB15CAF2297566DB00FEE718 /* PlanetsUITests */ = {
			isa = PBXNativeTarget;
			buildConfigurationList = FB15CB03297566DB00FEE718 /* Build configuration list for PBXNativeTarget "PlanetsUITests" */;
			buildPhases = (
				FB15CAEF297566DB00FEE718 /* Sources */,
				FB15CAF0297566DB00FEE718 /* Frameworks */,
				FB15CAF1297566DB00FEE718 /* Resources */,
			);
			buildRules = (
			);
			dependencies = (
				FB15CAF5297566DB00FEE718 /* PBXTargetDependency */,
			);
			name = PlanetsUITests;
			productName = PlanetsUITests;
			productReference = FB15CAF3297566DB00FEE718 /* PlanetsUITests.xctest */;
			productType = "com.apple.product-type.bundle.ui-testing";
		};
/* End PBXNativeTarget section */

/* Begin PBXProject section */
		FB15CACB297566D800FEE718 /* Project object */ = {
			isa = PBXProject;
			attributes = {
				BuildIndependentTargetsInParallel = 1;
				LastSwiftUpdateCheck = 1420;
				LastUpgradeCheck = 1420;
				TargetAttributes = {
					FB15CAD2297566D800FEE718 = {
						CreatedOnToolsVersion = 14.2;
					};
					FB15CAE8297566DB00FEE718 = {
						CreatedOnToolsVersion = 14.2;
						TestTargetID = FB15CAD2297566D800FEE718;
					};
					FB15CAF2297566DB00FEE718 = {
						CreatedOnToolsVersion = 14.2;
						TestTargetID = FB15CAD2297566D800FEE718;
					};
				};
			};
			buildConfigurationList = FB15CACE297566D800FEE718 /* Build configuration list for PBXProject "Planets" */;
			compatibilityVersion = "Xcode 14.0";
			developmentRegion = en;
			hasScannedForEncodings = 0;
			knownRegions = (
				en,
				Base,
				fr,
			);
			mainGroup = FB15CACA297566D800FEE718;
			packageReferences = (
				FB849A3829D6EBF800ACABA6 /* XCRemoteSwiftPackageReference "Alamofire" */,
				FBC473412A1F618300E70C4A /* XCRemoteSwiftPackageReference "SDWebImage" */,
				FB1919D42A240EB1003DA575 /* XCRemoteSwiftPackageReference "firebase-ios-sdk" */,
			);
			productRefGroup = FB15CAD4297566D800FEE718 /* Products */;
			projectDirPath = "";
			projectRoot = "";
			targets = (
				FB15CAD2297566D800FEE718 /* Planets */,
				FB15CAE8297566DB00FEE718 /* PlanetsTests */,
				FB15CAF2297566DB00FEE718 /* PlanetsUITests */,
			);
		};
/* End PBXProject section */

/* Begin PBXResourcesBuildPhase section */
		FB15CAD1297566D800FEE718 /* Resources */ = {
			isa = PBXResourcesBuildPhase;
			buildActionMask = 2147483647;
			files = (
				FB15CAE3297566DA00FEE718 /* LaunchScreen.storyboard in Resources */,
				FB15CB0A29756CD600FEE718 /* GoogleService-Info.plist in Resources */,
				FB15CAE0297566DA00FEE718 /* Assets.xcassets in Resources */,
				FB15CADE297566D800FEE718 /* Main.storyboard in Resources */,
			);
			runOnlyForDeploymentPostprocessing = 0;
		};
		FB15CAE7297566DB00FEE718 /* Resources */ = {
			isa = PBXResourcesBuildPhase;
			buildActionMask = 2147483647;
			files = (
				FB15CB0B29756CD600FEE718 /* GoogleService-Info.plist in Resources */,
			);
			runOnlyForDeploymentPostprocessing = 0;
		};
		FB15CAF1297566DB00FEE718 /* Resources */ = {
			isa = PBXResourcesBuildPhase;
			buildActionMask = 2147483647;
			files = (
			);
			runOnlyForDeploymentPostprocessing = 0;
		};
/* End PBXResourcesBuildPhase section */

/* Begin PBXShellScriptBuildPhase section */
		FB0EAAF929F7388E0044B593 /* ShellScript */ = {
			isa = PBXShellScriptBuildPhase;
			alwaysOutOfDate = 1;
			buildActionMask = 2147483647;
			files = (
			);
			inputFileListPaths = (
			);
			inputPaths = (
				"${DWARF_DSYM_FOLDER_PATH}/${DWARF_DSYM_FILE_NAME}/Contents/Resources/DWARF/${TARGET_NAME}",
				"$(SRCROOT)/$(BUILT_PRODUCTS_DIR)/$(INFOPLIST_PATH)",
			);
			outputFileListPaths = (
			);
			outputPaths = (
			);
			runOnlyForDeploymentPostprocessing = 0;
			shellPath = /bin/sh;
			shellScript = "# Type a script or drag a script file from your workspace to insert its path.\n\"${BUILD_DIR%/Build/*}/SourcePackages/checkouts/firebase-ios-sdk/Crashlytics/run\"\n";
		};
/* End PBXShellScriptBuildPhase section */

/* Begin PBXSourcesBuildPhase section */
		FB15CACF297566D800FEE718 /* Sources */ = {
			isa = PBXSourcesBuildPhase;
			buildActionMask = 2147483647;
			files = (
				FBAC78FC29F56464009DFF86 /* APIApod.swift in Sources */,
				FB849A3329D6EADF00ACABA6 /* AsteroidService.swift in Sources */,
				FB6922282A094C400034A65B /* FavoritesTableViewCell.swift in Sources */,
				FB15CB272975958A00FEE718 /* SolarSystemTableViewCell.swift in Sources */,
				FB849A4C29DD7A5300ACABA6 /* DetailAsteroidViewController.swift in Sources */,
				FB9D31BC2A21621700CCC8D9 /* FirebasePrivacyPolicy.swift in Sources */,
				FB5DE7BF297C073B00F60C92 /* Utilities.swift in Sources */,
				FBC473452A1FBCBC00E70C4A /* SettingsTableViewController.swift in Sources */,
				FB15CB1E2975735700FEE718 /* FirebaseDataService.swift in Sources */,
				FB69222A2A095ED50034A65B /* DetailPictureViewController.swift in Sources */,
				FBF937892A0A94FF008235E6 /* FirebaseArticle.swift in Sources */,
				FB605C892A1543E400622E94 /* ArticleTableViewCell.swift in Sources */,
				FB15CADB297566D800FEE718 /* SolarSystemViewController.swift in Sources */,
				FB15CB212975745200FEE718 /* FirebaseWrapper.swift in Sources */,
				FB40AE632A13D2E00067FCAC /* Article.swift in Sources */,
				FB40AE612A13D1700067FCAC /* LocalArticle.swift in Sources */,
				FB849A4829DB126600ACABA6 /* AsteroidTableViewCell.swift in Sources */,
				FB40AE652A14C6B90067FCAC /* DetailArticleViewController.swift in Sources */,
				FBF8657629FD0F4700646278 /* Astropedia.xcdatamodeld in Sources */,
				FB15CAD7297566D800FEE718 /* AppDelegate.swift in Sources */,
				FB1073BE2A0A552600BC73BD /* NewsViewController.swift in Sources */,
				FBF937852A0A6E1D008235E6 /* PictureTableViewCell.swift in Sources */,
				FB1881AE2A12DC5100B6EBCC /* ApiKeys.swift in Sources */,
				FB9D31BA2A215F9F00CCC8D9 /* PrivacyPolicyViewController.swift in Sources */,
				FB15CAD9297566D800FEE718 /* SceneDelegate.swift in Sources */,
				FB849A4A29DB69AB00ACABA6 /* Asteroid.swift in Sources */,
				FB40AE5F2A13D14A0067FCAC /* ArticleService.swift in Sources */,
				FBF8657F29FD195B00646278 /* CoreDataStack.swift in Sources */,
				FB15CB0729756AD600FEE718 /* FirebaseData.swift in Sources */,
				FBF8657D29FD17C200646278 /* LocalPicture.swift in Sources */,
				FB849A3129D6E8A700ACABA6 /* AsteroidsViewController.swift in Sources */,
				FBF8657029FD0DD700646278 /* FavoritesViewController.swift in Sources */,
				FBAB2A7929F6D75500B31C6D /* Picture.swift in Sources */,
				FB849A3729D6EB1900ACABA6 /* ResultAsteroid.swift in Sources */,
				FBAC78FA29F563AB009DFF86 /* PictureService.swift in Sources */,
				FB15CB2A2976935100FEE718 /* DetailViewController.swift in Sources */,
			);
			runOnlyForDeploymentPostprocessing = 0;
		};
		FB15CAE5297566DB00FEE718 /* Sources */ = {
			isa = PBXSourcesBuildPhase;
			buildActionMask = 2147483647;
			files = (
				FB15CB1F2975735700FEE718 /* FirebaseDataService.swift in Sources */,
				FB15CB222975745200FEE718 /* FirebaseWrapper.swift in Sources */,
				FB1919EF2A24A207003DA575 /* FirebaseWrapperMock.swift in Sources */,
				FB15CB282975958A00FEE718 /* SolarSystemTableViewCell.swift in Sources */,
				FB5DE80A297FCA4100F60C92 /* DataServiceTest.swift in Sources */,
			);
			runOnlyForDeploymentPostprocessing = 0;
		};
		FB15CAEF297566DB00FEE718 /* Sources */ = {
			isa = PBXSourcesBuildPhase;
			buildActionMask = 2147483647;
			files = (
				FB15CAFA297566DB00FEE718 /* PlanetsUITestsLaunchTests.swift in Sources */,
				FB15CAF8297566DB00FEE718 /* PlanetsUITests.swift in Sources */,
			);
			runOnlyForDeploymentPostprocessing = 0;
		};
/* End PBXSourcesBuildPhase section */

/* Begin PBXTargetDependency section */
		FB15CAEB297566DB00FEE718 /* PBXTargetDependency */ = {
			isa = PBXTargetDependency;
			target = FB15CAD2297566D800FEE718 /* Planets */;
			targetProxy = FB15CAEA297566DB00FEE718 /* PBXContainerItemProxy */;
		};
		FB15CAF5297566DB00FEE718 /* PBXTargetDependency */ = {
			isa = PBXTargetDependency;
			target = FB15CAD2297566D800FEE718 /* Planets */;
			targetProxy = FB15CAF4297566DB00FEE718 /* PBXContainerItemProxy */;
		};
/* End PBXTargetDependency section */

/* Begin PBXVariantGroup section */
		FB15CADC297566D800FEE718 /* Main.storyboard */ = {
			isa = PBXVariantGroup;
			children = (
				FB15CADD297566D800FEE718 /* Base */,
				FB5DE7C5297C3DB200F60C92 /* fr */,
			);
			name = Main.storyboard;
			sourceTree = "<group>";
		};
		FB15CAE1297566DA00FEE718 /* LaunchScreen.storyboard */ = {
			isa = PBXVariantGroup;
			children = (
				FB15CAE2297566DA00FEE718 /* Base */,
				FB5DE7C6297C3DB300F60C92 /* fr */,
			);
			name = LaunchScreen.storyboard;
			sourceTree = "<group>";
		};
/* End PBXVariantGroup section */

/* Begin XCBuildConfiguration section */
		FB15CAFB297566DB00FEE718 /* Debug */ = {
			isa = XCBuildConfiguration;
			buildSettings = {
				ALWAYS_SEARCH_USER_PATHS = NO;
				CLANG_ANALYZER_LOCALIZABILITY_NONLOCALIZED = YES;
				CLANG_ANALYZER_NONNULL = YES;
				CLANG_ANALYZER_NUMBER_OBJECT_CONVERSION = YES_AGGRESSIVE;
				CLANG_CXX_LANGUAGE_STANDARD = "gnu++20";
				CLANG_ENABLE_MODULES = YES;
				CLANG_ENABLE_OBJC_ARC = YES;
				CLANG_ENABLE_OBJC_WEAK = YES;
				CLANG_WARN_BLOCK_CAPTURE_AUTORELEASING = YES;
				CLANG_WARN_BOOL_CONVERSION = YES;
				CLANG_WARN_COMMA = YES;
				CLANG_WARN_CONSTANT_CONVERSION = YES;
				CLANG_WARN_DEPRECATED_OBJC_IMPLEMENTATIONS = YES;
				CLANG_WARN_DIRECT_OBJC_ISA_USAGE = YES_ERROR;
				CLANG_WARN_DOCUMENTATION_COMMENTS = YES;
				CLANG_WARN_EMPTY_BODY = YES;
				CLANG_WARN_ENUM_CONVERSION = YES;
				CLANG_WARN_INFINITE_RECURSION = YES;
				CLANG_WARN_INT_CONVERSION = YES;
				CLANG_WARN_NON_LITERAL_NULL_CONVERSION = YES;
				CLANG_WARN_OBJC_IMPLICIT_RETAIN_SELF = YES;
				CLANG_WARN_OBJC_LITERAL_CONVERSION = YES;
				CLANG_WARN_OBJC_ROOT_CLASS = YES_ERROR;
				CLANG_WARN_QUOTED_INCLUDE_IN_FRAMEWORK_HEADER = YES;
				CLANG_WARN_RANGE_LOOP_ANALYSIS = YES;
				CLANG_WARN_STRICT_PROTOTYPES = YES;
				CLANG_WARN_SUSPICIOUS_MOVE = YES;
				CLANG_WARN_UNGUARDED_AVAILABILITY = YES_AGGRESSIVE;
				CLANG_WARN_UNREACHABLE_CODE = YES;
				CLANG_WARN__DUPLICATE_METHOD_MATCH = YES;
				COPY_PHASE_STRIP = NO;
				DEBUG_INFORMATION_FORMAT = dwarf;
				ENABLE_STRICT_OBJC_MSGSEND = YES;
				ENABLE_TESTABILITY = YES;
				GCC_C_LANGUAGE_STANDARD = gnu11;
				GCC_DYNAMIC_NO_PIC = NO;
				GCC_NO_COMMON_BLOCKS = YES;
				GCC_OPTIMIZATION_LEVEL = 0;
				GCC_PREPROCESSOR_DEFINITIONS = (
					"DEBUG=1",
					"$(inherited)",
				);
				GCC_WARN_64_TO_32_BIT_CONVERSION = YES;
				GCC_WARN_ABOUT_RETURN_TYPE = YES_ERROR;
				GCC_WARN_UNDECLARED_SELECTOR = YES;
				GCC_WARN_UNINITIALIZED_AUTOS = YES_AGGRESSIVE;
				GCC_WARN_UNUSED_FUNCTION = YES;
				GCC_WARN_UNUSED_VARIABLE = YES;
				INFOPLIST_KEY_UISupportedInterfaceOrientations = "";
				INFOPLIST_KEY_UISupportedInterfaceOrientations_iPhone = UIInterfaceOrientationPortrait;
				IPHONEOS_DEPLOYMENT_TARGET = 14.0;
				MTL_ENABLE_DEBUG_INFO = INCLUDE_SOURCE;
				MTL_FAST_MATH = YES;
				ONLY_ACTIVE_ARCH = YES;
				SDKROOT = iphoneos;
				SWIFT_ACTIVE_COMPILATION_CONDITIONS = DEBUG;
				SWIFT_OPTIMIZATION_LEVEL = "-Onone";
			};
			name = Debug;
		};
		FB15CAFC297566DB00FEE718 /* Release */ = {
			isa = XCBuildConfiguration;
			buildSettings = {
				ALWAYS_SEARCH_USER_PATHS = NO;
				CLANG_ANALYZER_LOCALIZABILITY_NONLOCALIZED = YES;
				CLANG_ANALYZER_NONNULL = YES;
				CLANG_ANALYZER_NUMBER_OBJECT_CONVERSION = YES_AGGRESSIVE;
				CLANG_CXX_LANGUAGE_STANDARD = "gnu++20";
				CLANG_ENABLE_MODULES = YES;
				CLANG_ENABLE_OBJC_ARC = YES;
				CLANG_ENABLE_OBJC_WEAK = YES;
				CLANG_WARN_BLOCK_CAPTURE_AUTORELEASING = YES;
				CLANG_WARN_BOOL_CONVERSION = YES;
				CLANG_WARN_COMMA = YES;
				CLANG_WARN_CONSTANT_CONVERSION = YES;
				CLANG_WARN_DEPRECATED_OBJC_IMPLEMENTATIONS = YES;
				CLANG_WARN_DIRECT_OBJC_ISA_USAGE = YES_ERROR;
				CLANG_WARN_DOCUMENTATION_COMMENTS = YES;
				CLANG_WARN_EMPTY_BODY = YES;
				CLANG_WARN_ENUM_CONVERSION = YES;
				CLANG_WARN_INFINITE_RECURSION = YES;
				CLANG_WARN_INT_CONVERSION = YES;
				CLANG_WARN_NON_LITERAL_NULL_CONVERSION = YES;
				CLANG_WARN_OBJC_IMPLICIT_RETAIN_SELF = YES;
				CLANG_WARN_OBJC_LITERAL_CONVERSION = YES;
				CLANG_WARN_OBJC_ROOT_CLASS = YES_ERROR;
				CLANG_WARN_QUOTED_INCLUDE_IN_FRAMEWORK_HEADER = YES;
				CLANG_WARN_RANGE_LOOP_ANALYSIS = YES;
				CLANG_WARN_STRICT_PROTOTYPES = YES;
				CLANG_WARN_SUSPICIOUS_MOVE = YES;
				CLANG_WARN_UNGUARDED_AVAILABILITY = YES_AGGRESSIVE;
				CLANG_WARN_UNREACHABLE_CODE = YES;
				CLANG_WARN__DUPLICATE_METHOD_MATCH = YES;
				COPY_PHASE_STRIP = NO;
				DEBUG_INFORMATION_FORMAT = "dwarf-with-dsym";
				ENABLE_NS_ASSERTIONS = NO;
				ENABLE_STRICT_OBJC_MSGSEND = YES;
				GCC_C_LANGUAGE_STANDARD = gnu11;
				GCC_NO_COMMON_BLOCKS = YES;
				GCC_WARN_64_TO_32_BIT_CONVERSION = YES;
				GCC_WARN_ABOUT_RETURN_TYPE = YES_ERROR;
				GCC_WARN_UNDECLARED_SELECTOR = YES;
				GCC_WARN_UNINITIALIZED_AUTOS = YES_AGGRESSIVE;
				GCC_WARN_UNUSED_FUNCTION = YES;
				GCC_WARN_UNUSED_VARIABLE = YES;
				INFOPLIST_KEY_UISupportedInterfaceOrientations = "";
				INFOPLIST_KEY_UISupportedInterfaceOrientations_iPhone = UIInterfaceOrientationPortrait;
				IPHONEOS_DEPLOYMENT_TARGET = 14.0;
				MTL_ENABLE_DEBUG_INFO = NO;
				MTL_FAST_MATH = YES;
				SDKROOT = iphoneos;
				SWIFT_COMPILATION_MODE = wholemodule;
				SWIFT_OPTIMIZATION_LEVEL = "-O";
				VALIDATE_PRODUCT = YES;
			};
			name = Release;
		};
		FB15CAFE297566DB00FEE718 /* Debug */ = {
			isa = XCBuildConfiguration;
			buildSettings = {
				ASSETCATALOG_COMPILER_APPICON_NAME = AppIcon;
				ASSETCATALOG_COMPILER_GLOBAL_ACCENT_COLOR_NAME = AccentColor;
				CODE_SIGN_STYLE = Automatic;
				CURRENT_PROJECT_VERSION = 1;
				DEBUG_INFORMATION_FORMAT = "dwarf-with-dsym";
				DEVELOPMENT_TEAM = 8ZV67K9B93;
				GENERATE_INFOPLIST_FILE = YES;
				INFOPLIST_FILE = Planets/Info.plist;
				INFOPLIST_KEY_CFBundleDisplayName = "Astropédia";
				INFOPLIST_KEY_LSApplicationCategoryType = "public.app-category.education";
				INFOPLIST_KEY_UIApplicationSupportsIndirectInputEvents = YES;
				INFOPLIST_KEY_UILaunchStoryboardName = LaunchScreen;
				INFOPLIST_KEY_UIMainStoryboardFile = Main;
				INFOPLIST_KEY_UISupportedInterfaceOrientations = "UIInterfaceOrientationLandscapeLeft UIInterfaceOrientationPortrait";
				INFOPLIST_KEY_UISupportedInterfaceOrientations_iPad = "UIInterfaceOrientationLandscapeLeft UIInterfaceOrientationLandscapeRight UIInterfaceOrientationPortrait UIInterfaceOrientationPortraitUpsideDown";
				INFOPLIST_KEY_UISupportedInterfaceOrientations_iPhone = UIInterfaceOrientationPortrait;
				INFOPLIST_KEY_UIUserInterfaceStyle = Automatic;
				IPHONEOS_DEPLOYMENT_TARGET = 14.0;
				LD_RUNPATH_SEARCH_PATHS = (
					"$(inherited)",
					"@executable_path/Frameworks",
				);
				MARKETING_VERSION = 1.7;
				PRODUCT_BUNDLE_IDENTIFIER = yves.charpentier.Planets;
				PRODUCT_NAME = "$(TARGET_NAME)";
				SUPPORTED_PLATFORMS = "iphoneos iphonesimulator";
				SUPPORTS_MACCATALYST = NO;
				SUPPORTS_MAC_DESIGNED_FOR_IPHONE_IPAD = NO;
				SWIFT_EMIT_LOC_STRINGS = YES;
				SWIFT_VERSION = 5.0;
				TARGETED_DEVICE_FAMILY = 1;
			};
			name = Debug;
		};
		FB15CAFF297566DB00FEE718 /* Release */ = {
			isa = XCBuildConfiguration;
			buildSettings = {
				ASSETCATALOG_COMPILER_APPICON_NAME = AppIcon;
				ASSETCATALOG_COMPILER_GLOBAL_ACCENT_COLOR_NAME = AccentColor;
				CODE_SIGN_STYLE = Automatic;
				CURRENT_PROJECT_VERSION = 1;
				DEVELOPMENT_TEAM = 8ZV67K9B93;
				GENERATE_INFOPLIST_FILE = YES;
				INFOPLIST_FILE = Planets/Info.plist;
				INFOPLIST_KEY_CFBundleDisplayName = "Astropédia";
				INFOPLIST_KEY_LSApplicationCategoryType = "public.app-category.education";
				INFOPLIST_KEY_UIApplicationSupportsIndirectInputEvents = YES;
				INFOPLIST_KEY_UILaunchStoryboardName = LaunchScreen;
				INFOPLIST_KEY_UIMainStoryboardFile = Main;
				INFOPLIST_KEY_UISupportedInterfaceOrientations = "UIInterfaceOrientationLandscapeLeft UIInterfaceOrientationPortrait";
				INFOPLIST_KEY_UISupportedInterfaceOrientations_iPad = "UIInterfaceOrientationLandscapeLeft UIInterfaceOrientationLandscapeRight UIInterfaceOrientationPortrait UIInterfaceOrientationPortraitUpsideDown";
				INFOPLIST_KEY_UISupportedInterfaceOrientations_iPhone = UIInterfaceOrientationPortrait;
				INFOPLIST_KEY_UIUserInterfaceStyle = Automatic;
				IPHONEOS_DEPLOYMENT_TARGET = 14.0;
				LD_RUNPATH_SEARCH_PATHS = (
					"$(inherited)",
					"@executable_path/Frameworks",
				);
				MARKETING_VERSION = 1.7;
				PRODUCT_BUNDLE_IDENTIFIER = yves.charpentier.Planets;
				PRODUCT_NAME = "$(TARGET_NAME)";
				SUPPORTED_PLATFORMS = "iphoneos iphonesimulator";
				SUPPORTS_MACCATALYST = NO;
				SUPPORTS_MAC_DESIGNED_FOR_IPHONE_IPAD = NO;
				SWIFT_EMIT_LOC_STRINGS = YES;
				SWIFT_VERSION = 5.0;
				TARGETED_DEVICE_FAMILY = 1;
			};
			name = Release;
		};
		FB15CB01297566DB00FEE718 /* Debug */ = {
			isa = XCBuildConfiguration;
			buildSettings = {
				ALWAYS_EMBED_SWIFT_STANDARD_LIBRARIES = YES;
				BUNDLE_LOADER = "$(TEST_HOST)";
				CODE_SIGN_STYLE = Automatic;
				CURRENT_PROJECT_VERSION = 1;
				DEVELOPMENT_TEAM = 8ZV67K9B93;
				GENERATE_INFOPLIST_FILE = YES;
				IPHONEOS_DEPLOYMENT_TARGET = 16.2;
				MARKETING_VERSION = 1.0;
				PRODUCT_BUNDLE_IDENTIFIER = yves.charpentier.PlanetsTests;
				PRODUCT_NAME = "$(TARGET_NAME)";
				SUPPORTED_PLATFORMS = "iphoneos iphonesimulator";
				SUPPORTS_MACCATALYST = NO;
				SUPPORTS_MAC_DESIGNED_FOR_IPHONE_IPAD = NO;
				SWIFT_EMIT_LOC_STRINGS = NO;
				SWIFT_VERSION = 5.0;
				TARGETED_DEVICE_FAMILY = 1;
				TEST_HOST = "$(BUILT_PRODUCTS_DIR)/Planets.app/$(BUNDLE_EXECUTABLE_FOLDER_PATH)/Planets";
			};
			name = Debug;
		};
		FB15CB02297566DB00FEE718 /* Release */ = {
			isa = XCBuildConfiguration;
			buildSettings = {
				ALWAYS_EMBED_SWIFT_STANDARD_LIBRARIES = YES;
				BUNDLE_LOADER = "$(TEST_HOST)";
				CODE_SIGN_STYLE = Automatic;
				CURRENT_PROJECT_VERSION = 1;
				DEVELOPMENT_TEAM = 8ZV67K9B93;
				GENERATE_INFOPLIST_FILE = YES;
				IPHONEOS_DEPLOYMENT_TARGET = 16.2;
				MARKETING_VERSION = 1.0;
				PRODUCT_BUNDLE_IDENTIFIER = yves.charpentier.PlanetsTests;
				PRODUCT_NAME = "$(TARGET_NAME)";
				SUPPORTED_PLATFORMS = "iphoneos iphonesimulator";
				SUPPORTS_MACCATALYST = NO;
				SUPPORTS_MAC_DESIGNED_FOR_IPHONE_IPAD = NO;
				SWIFT_EMIT_LOC_STRINGS = NO;
				SWIFT_VERSION = 5.0;
				TARGETED_DEVICE_FAMILY = 1;
				TEST_HOST = "$(BUILT_PRODUCTS_DIR)/Planets.app/$(BUNDLE_EXECUTABLE_FOLDER_PATH)/Planets";
			};
			name = Release;
		};
		FB15CB04297566DB00FEE718 /* Debug */ = {
			isa = XCBuildConfiguration;
			buildSettings = {
				ALWAYS_EMBED_SWIFT_STANDARD_LIBRARIES = YES;
				CODE_SIGN_STYLE = Automatic;
				CURRENT_PROJECT_VERSION = 1;
				DEVELOPMENT_TEAM = 8ZV67K9B93;
				GENERATE_INFOPLIST_FILE = YES;
				MARKETING_VERSION = 1.0;
				PRODUCT_BUNDLE_IDENTIFIER = yves.charpentier.PlanetsUITests;
				PRODUCT_NAME = "$(TARGET_NAME)";
				SWIFT_EMIT_LOC_STRINGS = NO;
				SWIFT_VERSION = 5.0;
				TARGETED_DEVICE_FAMILY = "1,2";
				TEST_TARGET_NAME = Planets;
			};
			name = Debug;
		};
		FB15CB05297566DB00FEE718 /* Release */ = {
			isa = XCBuildConfiguration;
			buildSettings = {
				ALWAYS_EMBED_SWIFT_STANDARD_LIBRARIES = YES;
				CODE_SIGN_STYLE = Automatic;
				CURRENT_PROJECT_VERSION = 1;
				DEVELOPMENT_TEAM = 8ZV67K9B93;
				GENERATE_INFOPLIST_FILE = YES;
				MARKETING_VERSION = 1.0;
				PRODUCT_BUNDLE_IDENTIFIER = yves.charpentier.PlanetsUITests;
				PRODUCT_NAME = "$(TARGET_NAME)";
				SWIFT_EMIT_LOC_STRINGS = NO;
				SWIFT_VERSION = 5.0;
				TARGETED_DEVICE_FAMILY = "1,2";
				TEST_TARGET_NAME = Planets;
			};
			name = Release;
		};
/* End XCBuildConfiguration section */

/* Begin XCConfigurationList section */
		FB15CACE297566D800FEE718 /* Build configuration list for PBXProject "Planets" */ = {
			isa = XCConfigurationList;
			buildConfigurations = (
				FB15CAFB297566DB00FEE718 /* Debug */,
				FB15CAFC297566DB00FEE718 /* Release */,
			);
			defaultConfigurationIsVisible = 0;
			defaultConfigurationName = Release;
		};
		FB15CAFD297566DB00FEE718 /* Build configuration list for PBXNativeTarget "Planets" */ = {
			isa = XCConfigurationList;
			buildConfigurations = (
				FB15CAFE297566DB00FEE718 /* Debug */,
				FB15CAFF297566DB00FEE718 /* Release */,
			);
			defaultConfigurationIsVisible = 0;
			defaultConfigurationName = Release;
		};
		FB15CB00297566DB00FEE718 /* Build configuration list for PBXNativeTarget "PlanetsTests" */ = {
			isa = XCConfigurationList;
			buildConfigurations = (
				FB15CB01297566DB00FEE718 /* Debug */,
				FB15CB02297566DB00FEE718 /* Release */,
			);
			defaultConfigurationIsVisible = 0;
			defaultConfigurationName = Release;
		};
		FB15CB03297566DB00FEE718 /* Build configuration list for PBXNativeTarget "PlanetsUITests" */ = {
			isa = XCConfigurationList;
			buildConfigurations = (
				FB15CB04297566DB00FEE718 /* Debug */,
				FB15CB05297566DB00FEE718 /* Release */,
			);
			defaultConfigurationIsVisible = 0;
			defaultConfigurationName = Release;
		};
/* End XCConfigurationList section */

/* Begin XCRemoteSwiftPackageReference section */
		FB1919D42A240EB1003DA575 /* XCRemoteSwiftPackageReference "firebase-ios-sdk" */ = {
			isa = XCRemoteSwiftPackageReference;
			repositoryURL = "https://github.com/firebase/firebase-ios-sdk.git";
			requirement = {
				kind = upToNextMajorVersion;
				minimumVersion = 10.0.0;
			};
		};
		FB849A3829D6EBF800ACABA6 /* XCRemoteSwiftPackageReference "Alamofire" */ = {
			isa = XCRemoteSwiftPackageReference;
			repositoryURL = "https://github.com/Alamofire/Alamofire.git";
			requirement = {
				branch = master;
				kind = branch;
			};
		};
		FBC473412A1F618300E70C4A /* XCRemoteSwiftPackageReference "SDWebImage" */ = {
			isa = XCRemoteSwiftPackageReference;
			repositoryURL = "https://github.com/SDWebImage/SDWebImage.git";
			requirement = {
				kind = upToNextMajorVersion;
				minimumVersion = 5.0.0;
			};
		};
/* End XCRemoteSwiftPackageReference section */

/* Begin XCSwiftPackageProductDependency section */
		FB1919D52A240EB1003DA575 /* FirebaseAnalytics */ = {
			isa = XCSwiftPackageProductDependency;
			package = FB1919D42A240EB1003DA575 /* XCRemoteSwiftPackageReference "firebase-ios-sdk" */;
			productName = FirebaseAnalytics;
		};
		FB1919D72A240EB1003DA575 /* FirebaseCrashlytics */ = {
			isa = XCSwiftPackageProductDependency;
			package = FB1919D42A240EB1003DA575 /* XCRemoteSwiftPackageReference "firebase-ios-sdk" */;
			productName = FirebaseCrashlytics;
		};
		FB1919D92A240EB1003DA575 /* FirebaseDatabase */ = {
			isa = XCSwiftPackageProductDependency;
			package = FB1919D42A240EB1003DA575 /* XCRemoteSwiftPackageReference "firebase-ios-sdk" */;
			productName = FirebaseDatabase;
		};
		FB1919DB2A240EB1003DA575 /* FirebaseFirestore */ = {
			isa = XCSwiftPackageProductDependency;
			package = FB1919D42A240EB1003DA575 /* XCRemoteSwiftPackageReference "firebase-ios-sdk" */;
			productName = FirebaseFirestore;
		};
		FB849A3929D6EBF900ACABA6 /* Alamofire */ = {
			isa = XCSwiftPackageProductDependency;
			package = FB849A3829D6EBF800ACABA6 /* XCRemoteSwiftPackageReference "Alamofire" */;
			productName = Alamofire;
		};
		FBC473422A1F618400E70C4A /* SDWebImage */ = {
			isa = XCSwiftPackageProductDependency;
			package = FBC473412A1F618300E70C4A /* XCRemoteSwiftPackageReference "SDWebImage" */;
			productName = SDWebImage;
		};
/* End XCSwiftPackageProductDependency section */

/* Begin XCVersionGroup section */
		FBF8657429FD0F4700646278 /* Astropedia.xcdatamodeld */ = {
			isa = XCVersionGroup;
			children = (
				FBF8657529FD0F4700646278 /* Astropedia.xcdatamodel */,
			);
			currentVersion = FBF8657529FD0F4700646278 /* Astropedia.xcdatamodel */;
			path = Astropedia.xcdatamodeld;
			sourceTree = "<group>";
			versionGroupType = wrapper.xcdatamodel;
		};
/* End XCVersionGroup section */
	};
	rootObject = FB15CACB297566D800FEE718 /* Project object */;
}
