// !$*UTF8*$!
{
	archiveVersion = 1;
	classes = {
	};
	objectVersion = 56;
	objects = {

/* Begin PBXBuildFile section */
		FB15CAD7297566D800FEE718 /* AppDelegate.swift in Sources */ = {isa = PBXBuildFile; fileRef = FB15CAD6297566D800FEE718 /* AppDelegate.swift */; };
		FB15CAD9297566D800FEE718 /* SceneDelegate.swift in Sources */ = {isa = PBXBuildFile; fileRef = FB15CAD8297566D800FEE718 /* SceneDelegate.swift */; };
		FB15CADB297566D800FEE718 /* PlanetViewController.swift in Sources */ = {isa = PBXBuildFile; fileRef = FB15CADA297566D800FEE718 /* PlanetViewController.swift */; };
		FB15CADE297566D800FEE718 /* Main.storyboard in Resources */ = {isa = PBXBuildFile; fileRef = FB15CADC297566D800FEE718 /* Main.storyboard */; };
		FB15CAE0297566DA00FEE718 /* Assets.xcassets in Resources */ = {isa = PBXBuildFile; fileRef = FB15CADF297566DA00FEE718 /* Assets.xcassets */; };
		FB15CAE3297566DA00FEE718 /* LaunchScreen.storyboard in Resources */ = {isa = PBXBuildFile; fileRef = FB15CAE1297566DA00FEE718 /* LaunchScreen.storyboard */; };
		FB15CAF8297566DB00FEE718 /* PlanetsUITests.swift in Sources */ = {isa = PBXBuildFile; fileRef = FB15CAF7297566DB00FEE718 /* PlanetsUITests.swift */; };
		FB15CAFA297566DB00FEE718 /* PlanetsUITestsLaunchTests.swift in Sources */ = {isa = PBXBuildFile; fileRef = FB15CAF9297566DB00FEE718 /* PlanetsUITestsLaunchTests.swift */; };
		FB15CB0729756AD600FEE718 /* Data.swift in Sources */ = {isa = PBXBuildFile; fileRef = FB15CB0629756AD600FEE718 /* Data.swift */; };
		FB15CB0A29756CD600FEE718 /* GoogleService-Info.plist in Resources */ = {isa = PBXBuildFile; fileRef = FB15CB0929756CD600FEE718 /* GoogleService-Info.plist */; };
		FB15CB0B29756CD600FEE718 /* GoogleService-Info.plist in Resources */ = {isa = PBXBuildFile; fileRef = FB15CB0929756CD600FEE718 /* GoogleService-Info.plist */; };
		FB15CB0F29756EDA00FEE718 /* FirebaseAnalytics in Frameworks */ = {isa = PBXBuildFile; productRef = FB15CB0E29756EDA00FEE718 /* FirebaseAnalytics */; };
		FB15CB1129756EDA00FEE718 /* FirebaseAuth in Frameworks */ = {isa = PBXBuildFile; productRef = FB15CB1029756EDA00FEE718 /* FirebaseAuth */; };
		FB15CB1329756EDA00FEE718 /* FirebaseCrashlytics in Frameworks */ = {isa = PBXBuildFile; productRef = FB15CB1229756EDA00FEE718 /* FirebaseCrashlytics */; };
		FB15CB1529756EDA00FEE718 /* FirebaseDatabase in Frameworks */ = {isa = PBXBuildFile; productRef = FB15CB1429756EDA00FEE718 /* FirebaseDatabase */; };
		FB15CB1729756EDA00FEE718 /* FirebaseFirestore in Frameworks */ = {isa = PBXBuildFile; productRef = FB15CB1629756EDA00FEE718 /* FirebaseFirestore */; };
		FB15CB1929756EDB00FEE718 /* FirebaseStorage in Frameworks */ = {isa = PBXBuildFile; productRef = FB15CB1829756EDB00FEE718 /* FirebaseStorage */; };
		FB15CB1E2975735700FEE718 /* DataService.swift in Sources */ = {isa = PBXBuildFile; fileRef = FB15CB1D2975735700FEE718 /* DataService.swift */; };
		FB15CB1F2975735700FEE718 /* DataService.swift in Sources */ = {isa = PBXBuildFile; fileRef = FB15CB1D2975735700FEE718 /* DataService.swift */; };
		FB15CB212975745200FEE718 /* FirebaseWrapper.swift in Sources */ = {isa = PBXBuildFile; fileRef = FB15CB202975745200FEE718 /* FirebaseWrapper.swift */; };
		FB15CB222975745200FEE718 /* FirebaseWrapper.swift in Sources */ = {isa = PBXBuildFile; fileRef = FB15CB202975745200FEE718 /* FirebaseWrapper.swift */; };
		FB15CB272975958A00FEE718 /* PresentPlanetCell.swift in Sources */ = {isa = PBXBuildFile; fileRef = FB15CB262975958A00FEE718 /* PresentPlanetCell.swift */; };
		FB15CB282975958A00FEE718 /* PresentPlanetCell.swift in Sources */ = {isa = PBXBuildFile; fileRef = FB15CB262975958A00FEE718 /* PresentPlanetCell.swift */; };
		FB15CB2A2976935100FEE718 /* DetailViewController.swift in Sources */ = {isa = PBXBuildFile; fileRef = FB15CB292976935000FEE718 /* DetailViewController.swift */; };
		FB5DE7BF297C073B00F60C92 /* Utilities.swift in Sources */ = {isa = PBXBuildFile; fileRef = FB5DE7BE297C073A00F60C92 /* Utilities.swift */; };
		FB5DE80A297FCA4100F60C92 /* DataServiceTest.swift in Sources */ = {isa = PBXBuildFile; fileRef = FB5DE809297FCA4000F60C92 /* DataServiceTest.swift */; };
		FB5DE80C297FCB2900F60C92 /* FirebaseWrapperMock.swift in Sources */ = {isa = PBXBuildFile; fileRef = FB5DE80B297FCB2900F60C92 /* FirebaseWrapperMock.swift */; };
		FBBD541A2978C2A300B47629 /* MoonViewController.swift in Sources */ = {isa = PBXBuildFile; fileRef = FBBD54192978C2A300B47629 /* MoonViewController.swift */; };
/* End PBXBuildFile section */

/* Begin PBXContainerItemProxy section */
		FB15CAEA297566DB00FEE718 /* PBXContainerItemProxy */ = {
			isa = PBXContainerItemProxy;
			containerPortal = FB15CACB297566D800FEE718 /* Project object */;
			proxyType = 1;
			remoteGlobalIDString = FB15CAD2297566D800FEE718;
			remoteInfo = Planets;
		};
		FB15CAF4297566DB00FEE718 /* PBXContainerItemProxy */ = {
			isa = PBXContainerItemProxy;
			containerPortal = FB15CACB297566D800FEE718 /* Project object */;
			proxyType = 1;
			remoteGlobalIDString = FB15CAD2297566D800FEE718;
			remoteInfo = Planets;
		};
/* End PBXContainerItemProxy section */

/* Begin PBXFileReference section */
		FB15CAD3297566D800FEE718 /* Planets.app */ = {isa = PBXFileReference; explicitFileType = wrapper.application; includeInIndex = 0; path = Planets.app; sourceTree = BUILT_PRODUCTS_DIR; };
		FB15CAD6297566D800FEE718 /* AppDelegate.swift */ = {isa = PBXFileReference; lastKnownFileType = sourcecode.swift; path = AppDelegate.swift; sourceTree = "<group>"; };
		FB15CAD8297566D800FEE718 /* SceneDelegate.swift */ = {isa = PBXFileReference; lastKnownFileType = sourcecode.swift; path = SceneDelegate.swift; sourceTree = "<group>"; };
		FB15CADA297566D800FEE718 /* PlanetViewController.swift */ = {isa = PBXFileReference; lastKnownFileType = sourcecode.swift; path = PlanetViewController.swift; sourceTree = "<group>"; };
		FB15CADD297566D800FEE718 /* Base */ = {isa = PBXFileReference; lastKnownFileType = file.storyboard; name = Base; path = Base.lproj/Main.storyboard; sourceTree = "<group>"; };
		FB15CADF297566DA00FEE718 /* Assets.xcassets */ = {isa = PBXFileReference; lastKnownFileType = folder.assetcatalog; path = Assets.xcassets; sourceTree = "<group>"; };
		FB15CAE2297566DA00FEE718 /* Base */ = {isa = PBXFileReference; lastKnownFileType = file.storyboard; name = Base; path = Base.lproj/LaunchScreen.storyboard; sourceTree = "<group>"; };
		FB15CAE4297566DA00FEE718 /* Info.plist */ = {isa = PBXFileReference; lastKnownFileType = text.plist.xml; path = Info.plist; sourceTree = "<group>"; };
		FB15CAE9297566DB00FEE718 /* PlanetsTests.xctest */ = {isa = PBXFileReference; explicitFileType = wrapper.cfbundle; includeInIndex = 0; path = PlanetsTests.xctest; sourceTree = BUILT_PRODUCTS_DIR; };
		FB15CAF3297566DB00FEE718 /* PlanetsUITests.xctest */ = {isa = PBXFileReference; explicitFileType = wrapper.cfbundle; includeInIndex = 0; path = PlanetsUITests.xctest; sourceTree = BUILT_PRODUCTS_DIR; };
		FB15CAF7297566DB00FEE718 /* PlanetsUITests.swift */ = {isa = PBXFileReference; lastKnownFileType = sourcecode.swift; path = PlanetsUITests.swift; sourceTree = "<group>"; };
		FB15CAF9297566DB00FEE718 /* PlanetsUITestsLaunchTests.swift */ = {isa = PBXFileReference; lastKnownFileType = sourcecode.swift; path = PlanetsUITestsLaunchTests.swift; sourceTree = "<group>"; };
		FB15CB0629756AD600FEE718 /* Data.swift */ = {isa = PBXFileReference; lastKnownFileType = sourcecode.swift; path = Data.swift; sourceTree = "<group>"; };
		FB15CB0929756CD600FEE718 /* GoogleService-Info.plist */ = {isa = PBXFileReference; fileEncoding = 4; lastKnownFileType = text.plist.xml; name = "GoogleService-Info.plist"; path = "../GoogleService-Info.plist"; sourceTree = "<group>"; };
		FB15CB1D2975735700FEE718 /* DataService.swift */ = {isa = PBXFileReference; lastKnownFileType = sourcecode.swift; path = DataService.swift; sourceTree = "<group>"; };
		FB15CB202975745200FEE718 /* FirebaseWrapper.swift */ = {isa = PBXFileReference; lastKnownFileType = sourcecode.swift; path = FirebaseWrapper.swift; sourceTree = "<group>"; };
		FB15CB262975958A00FEE718 /* PresentPlanetCell.swift */ = {isa = PBXFileReference; lastKnownFileType = sourcecode.swift; path = PresentPlanetCell.swift; sourceTree = "<group>"; };
		FB15CB292976935000FEE718 /* DetailViewController.swift */ = {isa = PBXFileReference; lastKnownFileType = sourcecode.swift; path = DetailViewController.swift; sourceTree = "<group>"; };
		FB5DE7BE297C073A00F60C92 /* Utilities.swift */ = {isa = PBXFileReference; lastKnownFileType = sourcecode.swift; path = Utilities.swift; sourceTree = "<group>"; };
		FB5DE7C5297C3DB200F60C92 /* fr */ = {isa = PBXFileReference; lastKnownFileType = text.plist.strings; name = fr; path = fr.lproj/Main.strings; sourceTree = "<group>"; };
		FB5DE7C6297C3DB300F60C92 /* fr */ = {isa = PBXFileReference; lastKnownFileType = text.plist.strings; name = fr; path = fr.lproj/LaunchScreen.strings; sourceTree = "<group>"; };
		FB5DE809297FCA4000F60C92 /* DataServiceTest.swift */ = {isa = PBXFileReference; lastKnownFileType = sourcecode.swift; path = DataServiceTest.swift; sourceTree = "<group>"; };
		FB5DE80B297FCB2900F60C92 /* FirebaseWrapperMock.swift */ = {isa = PBXFileReference; lastKnownFileType = sourcecode.swift; path = FirebaseWrapperMock.swift; sourceTree = "<group>"; };
		FBBD54192978C2A300B47629 /* MoonViewController.swift */ = {isa = PBXFileReference; lastKnownFileType = sourcecode.swift; path = MoonViewController.swift; sourceTree = "<group>"; };
/* End PBXFileReference section */

/* Begin PBXFrameworksBuildPhase section */
		FB15CAD0297566D800FEE718 /* Frameworks */ = {
			isa = PBXFrameworksBuildPhase;
			buildActionMask = 2147483647;
			files = (
				FB15CB1329756EDA00FEE718 /* FirebaseCrashlytics in Frameworks */,
				FB15CB0F29756EDA00FEE718 /* FirebaseAnalytics in Frameworks */,
				FB15CB1529756EDA00FEE718 /* FirebaseDatabase in Frameworks */,
				FB15CB1729756EDA00FEE718 /* FirebaseFirestore in Frameworks */,
				FB15CB1129756EDA00FEE718 /* FirebaseAuth in Frameworks */,
				FB15CB1929756EDB00FEE718 /* FirebaseStorage in Frameworks */,
			);
			runOnlyForDeploymentPostprocessing = 0;
		};
		FB15CAE6297566DB00FEE718 /* Frameworks */ = {
			isa = PBXFrameworksBuildPhase;
			buildActionMask = 2147483647;
			files = (
			);
			runOnlyForDeploymentPostprocessing = 0;
		};
		FB15CAF0297566DB00FEE718 /* Frameworks */ = {
			isa = PBXFrameworksBuildPhase;
			buildActionMask = 2147483647;
			files = (
			);
			runOnlyForDeploymentPostprocessing = 0;
		};
/* End PBXFrameworksBuildPhase section */

/* Begin PBXGroup section */
		FB15CACA297566D800FEE718 = {
			isa = PBXGroup;
			children = (
				FB15CAD5297566D800FEE718 /* Planets */,
				FB15CAEC297566DB00FEE718 /* PlanetsTests */,
				FB15CAF6297566DB00FEE718 /* PlanetsUITests */,
				FB15CAD4297566D800FEE718 /* Products */,
			);
			sourceTree = "<group>";
		};
		FB15CAD4297566D800FEE718 /* Products */ = {
			isa = PBXGroup;
			children = (
				FB15CAD3297566D800FEE718 /* Planets.app */,
				FB15CAE9297566DB00FEE718 /* PlanetsTests.xctest */,
				FB15CAF3297566DB00FEE718 /* PlanetsUITests.xctest */,
			);
			name = Products;
			sourceTree = "<group>";
		};
		FB15CAD5297566D800FEE718 /* Planets */ = {
			isa = PBXGroup;
			children = (
				FB15CAD6297566D800FEE718 /* AppDelegate.swift */,
				FB15CAD8297566D800FEE718 /* SceneDelegate.swift */,
				FB15CB1A2975731100FEE718 /* Model */,
				FB15CB1B2975731D00FEE718 /* View */,
				FB15CB1C2975732C00FEE718 /* Controller */,
				FB15CADF297566DA00FEE718 /* Assets.xcassets */,
				FB15CAE4297566DA00FEE718 /* Info.plist */,
			);
			path = Planets;
			sourceTree = "<group>";
		};
		FB15CAEC297566DB00FEE718 /* PlanetsTests */ = {
			isa = PBXGroup;
			children = (
				FB5DE809297FCA4000F60C92 /* DataServiceTest.swift */,
				FB5DE80B297FCB2900F60C92 /* FirebaseWrapperMock.swift */,
			);
			path = PlanetsTests;
			sourceTree = "<group>";
		};
		FB15CAF6297566DB00FEE718 /* PlanetsUITests */ = {
			isa = PBXGroup;
			children = (
				FB15CAF7297566DB00FEE718 /* PlanetsUITests.swift */,
				FB15CAF9297566DB00FEE718 /* PlanetsUITestsLaunchTests.swift */,
				FB15CB0929756CD600FEE718 /* GoogleService-Info.plist */,
			);
			path = PlanetsUITests;
			sourceTree = "<group>";
		};
		FB15CB1A2975731100FEE718 /* Model */ = {
			isa = PBXGroup;
			children = (
				FB15CB0629756AD600FEE718 /* Data.swift */,
				FB15CB1D2975735700FEE718 /* DataService.swift */,
				FB15CB202975745200FEE718 /* FirebaseWrapper.swift */,
			);
			path = Model;
			sourceTree = "<group>";
		};
		FB15CB1B2975731D00FEE718 /* View */ = {
			isa = PBXGroup;
			children = (
				FB15CADC297566D800FEE718 /* Main.storyboard */,
				FB15CAE1297566DA00FEE718 /* LaunchScreen.storyboard */,
				FB15CB262975958A00FEE718 /* PresentPlanetCell.swift */,
				FB5DE7BE297C073A00F60C92 /* Utilities.swift */,
			);
			path = View;
			sourceTree = "<group>";
		};
		FB15CB1C2975732C00FEE718 /* Controller */ = {
			isa = PBXGroup;
			children = (
				FB15CADA297566D800FEE718 /* PlanetViewController.swift */,
				FBBD54192978C2A300B47629 /* MoonViewController.swift */,
				FB15CB292976935000FEE718 /* DetailViewController.swift */,
			);
			path = Controller;
			sourceTree = "<group>";
		};
/* End PBXGroup section */

/* Begin PBXNativeTarget section */
		FB15CAD2297566D800FEE718 /* Planets */ = {
			isa = PBXNativeTarget;
			buildConfigurationList = FB15CAFD297566DB00FEE718 /* Build configuration list for PBXNativeTarget "Planets" */;
			buildPhases = (
				FB15CACF297566D800FEE718 /* Sources */,
				FB15CAD0297566D800FEE718 /* Frameworks */,
				FB15CAD1297566D800FEE718 /* Resources */,
			);
			buildRules = (
			);
			dependencies = (
			);
			name = Planets;
			packageProductDependencies = (
				FB15CB0E29756EDA00FEE718 /* FirebaseAnalytics */,
				FB15CB1029756EDA00FEE718 /* FirebaseAuth */,
				FB15CB1229756EDA00FEE718 /* FirebaseCrashlytics */,
				FB15CB1429756EDA00FEE718 /* FirebaseDatabase */,
				FB15CB1629756EDA00FEE718 /* FirebaseFirestore */,
				FB15CB1829756EDB00FEE718 /* FirebaseStorage */,
			);
			productName = Planets;
			productReference = FB15CAD3297566D800FEE718 /* Planets.app */;
			productType = "com.apple.product-type.application";
		};
		FB15CAE8297566DB00FEE718 /* PlanetsTests */ = {
			isa = PBXNativeTarget;
			buildConfigurationList = FB15CB00297566DB00FEE718 /* Build configuration list for PBXNativeTarget "PlanetsTests" */;
			buildPhases = (
				FB15CAE5297566DB00FEE718 /* Sources */,
				FB15CAE6297566DB00FEE718 /* Frameworks */,
				FB15CAE7297566DB00FEE718 /* Resources */,
			);
			buildRules = (
			);
			dependencies = (
				FB15CAEB297566DB00FEE718 /* PBXTargetDependency */,
			);
			name = PlanetsTests;
			productName = PlanetsTests;
			productReference = FB15CAE9297566DB00FEE718 /* PlanetsTests.xctest */;
			productType = "com.apple.product-type.bundle.unit-test";
		};
		FB15CAF2297566DB00FEE718 /* PlanetsUITests */ = {
			isa = PBXNativeTarget;
			buildConfigurationList = FB15CB03297566DB00FEE718 /* Build configuration list for PBXNativeTarget "PlanetsUITests" */;
			buildPhases = (
				FB15CAEF297566DB00FEE718 /* Sources */,
				FB15CAF0297566DB00FEE718 /* Frameworks */,
				FB15CAF1297566DB00FEE718 /* Resources */,
			);
			buildRules = (
			);
			dependencies = (
				FB15CAF5297566DB00FEE718 /* PBXTargetDependency */,
			);
			name = PlanetsUITests;
			productName = PlanetsUITests;
			productReference = FB15CAF3297566DB00FEE718 /* PlanetsUITests.xctest */;
			productType = "com.apple.product-type.bundle.ui-testing";
		};
/* End PBXNativeTarget section */

/* Begin PBXProject section */
		FB15CACB297566D800FEE718 /* Project object */ = {
			isa = PBXProject;
			attributes = {
				BuildIndependentTargetsInParallel = 1;
				LastSwiftUpdateCheck = 1420;
				LastUpgradeCheck = 1420;
				TargetAttributes = {
					FB15CAD2297566D800FEE718 = {
						CreatedOnToolsVersion = 14.2;
					};
					FB15CAE8297566DB00FEE718 = {
						CreatedOnToolsVersion = 14.2;
						TestTargetID = FB15CAD2297566D800FEE718;
					};
					FB15CAF2297566DB00FEE718 = {
						CreatedOnToolsVersion = 14.2;
						TestTargetID = FB15CAD2297566D800FEE718;
					};
				};
			};
			buildConfigurationList = FB15CACE297566D800FEE718 /* Build configuration list for PBXProject "Planets" */;
			compatibilityVersion = "Xcode 14.0";
			developmentRegion = en;
			hasScannedForEncodings = 0;
			knownRegions = (
				en,
				Base,
				fr,
			);
			mainGroup = FB15CACA297566D800FEE718;
			packageReferences = (
				FB15CB0D29756EDA00FEE718 /* XCRemoteSwiftPackageReference "firebase-ios-sdk" */,
			);
			productRefGroup = FB15CAD4297566D800FEE718 /* Products */;
			projectDirPath = "";
			projectRoot = "";
			targets = (
				FB15CAD2297566D800FEE718 /* Planets */,
				FB15CAE8297566DB00FEE718 /* PlanetsTests */,
				FB15CAF2297566DB00FEE718 /* PlanetsUITests */,
			);
		};
/* End PBXProject section */

/* Begin PBXResourcesBuildPhase section */
		FB15CAD1297566D800FEE718 /* Resources */ = {
			isa = PBXResourcesBuildPhase;
			buildActionMask = 2147483647;
			files = (
				FB15CAE3297566DA00FEE718 /* LaunchScreen.storyboard in Resources */,
				FB15CB0A29756CD600FEE718 /* GoogleService-Info.plist in Resources */,
				FB15CAE0297566DA00FEE718 /* Assets.xcassets in Resources */,
				FB15CADE297566D800FEE718 /* Main.storyboard in Resources */,
			);
			runOnlyForDeploymentPostprocessing = 0;
		};
		FB15CAE7297566DB00FEE718 /* Resources */ = {
			isa = PBXResourcesBuildPhase;
			buildActionMask = 2147483647;
			files = (
				FB15CB0B29756CD600FEE718 /* GoogleService-Info.plist in Resources */,
			);
			runOnlyForDeploymentPostprocessing = 0;
		};
		FB15CAF1297566DB00FEE718 /* Resources */ = {
			isa = PBXResourcesBuildPhase;
			buildActionMask = 2147483647;
			files = (
			);
			runOnlyForDeploymentPostprocessing = 0;
		};
/* End PBXResourcesBuildPhase section */

/* Begin PBXSourcesBuildPhase section */
		FB15CACF297566D800FEE718 /* Sources */ = {
			isa = PBXSourcesBuildPhase;
			buildActionMask = 2147483647;
			files = (
				FB15CB272975958A00FEE718 /* PresentPlanetCell.swift in Sources */,
				FBBD541A2978C2A300B47629 /* MoonViewController.swift in Sources */,
				FB5DE7BF297C073B00F60C92 /* Utilities.swift in Sources */,
				FB15CB1E2975735700FEE718 /* DataService.swift in Sources */,
				FB15CADB297566D800FEE718 /* PlanetViewController.swift in Sources */,
				FB15CB212975745200FEE718 /* FirebaseWrapper.swift in Sources */,
				FB15CAD7297566D800FEE718 /* AppDelegate.swift in Sources */,
				FB15CAD9297566D800FEE718 /* SceneDelegate.swift in Sources */,
				FB15CB0729756AD600FEE718 /* Data.swift in Sources */,
				FB15CB2A2976935100FEE718 /* DetailViewController.swift in Sources */,
			);
			runOnlyForDeploymentPostprocessing = 0;
		};
		FB15CAE5297566DB00FEE718 /* Sources */ = {
			isa = PBXSourcesBuildPhase;
			buildActionMask = 2147483647;
			files = (
				FB15CB1F2975735700FEE718 /* DataService.swift in Sources */,
				FB15CB222975745200FEE718 /* FirebaseWrapper.swift in Sources */,
				FB5DE80C297FCB2900F60C92 /* FirebaseWrapperMock.swift in Sources */,
				FB15CB282975958A00FEE718 /* PresentPlanetCell.swift in Sources */,
				FB5DE80A297FCA4100F60C92 /* DataServiceTest.swift in Sources */,
			);
			runOnlyForDeploymentPostprocessing = 0;
		};
		FB15CAEF297566DB00FEE718 /* Sources */ = {
			isa = PBXSourcesBuildPhase;
			buildActionMask = 2147483647;
			files = (
				FB15CAFA297566DB00FEE718 /* PlanetsUITestsLaunchTests.swift in Sources */,
				FB15CAF8297566DB00FEE718 /* PlanetsUITests.swift in Sources */,
			);
			runOnlyForDeploymentPostprocessing = 0;
		};
/* End PBXSourcesBuildPhase section */

/* Begin PBXTargetDependency section */
		FB15CAEB297566DB00FEE718 /* PBXTargetDependency */ = {
			isa = PBXTargetDependency;
			target = FB15CAD2297566D800FEE718 /* Planets */;
			targetProxy = FB15CAEA297566DB00FEE718 /* PBXContainerItemProxy */;
		};
		FB15CAF5297566DB00FEE718 /* PBXTargetDependency */ = {
			isa = PBXTargetDependency;
			target = FB15CAD2297566D800FEE718 /* Planets */;
			targetProxy = FB15CAF4297566DB00FEE718 /* PBXContainerItemProxy */;
		};
/* End PBXTargetDependency section */

/* Begin PBXVariantGroup section */
		FB15CADC297566D800FEE718 /* Main.storyboard */ = {
			isa = PBXVariantGroup;
			children = (
				FB15CADD297566D800FEE718 /* Base */,
				FB5DE7C5297C3DB200F60C92 /* fr */,
			);
			name = Main.storyboard;
			sourceTree = "<group>";
		};
		FB15CAE1297566DA00FEE718 /* LaunchScreen.storyboard */ = {
			isa = PBXVariantGroup;
			children = (
				FB15CAE2297566DA00FEE718 /* Base */,
				FB5DE7C6297C3DB300F60C92 /* fr */,
			);
			name = LaunchScreen.storyboard;
			sourceTree = "<group>";
		};
/* End PBXVariantGroup section */

/* Begin XCBuildConfiguration section */
		FB15CAFB297566DB00FEE718 /* Debug */ = {
			isa = XCBuildConfiguration;
			buildSettings = {
				ALWAYS_SEARCH_USER_PATHS = NO;
				CLANG_ANALYZER_LOCALIZABILITY_NONLOCALIZED = YES;
				CLANG_ANALYZER_NONNULL = YES;
				CLANG_ANALYZER_NUMBER_OBJECT_CONVERSION = YES_AGGRESSIVE;
				CLANG_CXX_LANGUAGE_STANDARD = "gnu++20";
				CLANG_ENABLE_MODULES = YES;
				CLANG_ENABLE_OBJC_ARC = YES;
				CLANG_ENABLE_OBJC_WEAK = YES;
				CLANG_WARN_BLOCK_CAPTURE_AUTORELEASING = YES;
				CLANG_WARN_BOOL_CONVERSION = YES;
				CLANG_WARN_COMMA = YES;
				CLANG_WARN_CONSTANT_CONVERSION = YES;
				CLANG_WARN_DEPRECATED_OBJC_IMPLEMENTATIONS = YES;
				CLANG_WARN_DIRECT_OBJC_ISA_USAGE = YES_ERROR;
				CLANG_WARN_DOCUMENTATION_COMMENTS = YES;
				CLANG_WARN_EMPTY_BODY = YES;
				CLANG_WARN_ENUM_CONVERSION = YES;
				CLANG_WARN_INFINITE_RECURSION = YES;
				CLANG_WARN_INT_CONVERSION = YES;
				CLANG_WARN_NON_LITERAL_NULL_CONVERSION = YES;
				CLANG_WARN_OBJC_IMPLICIT_RETAIN_SELF = YES;
				CLANG_WARN_OBJC_LITERAL_CONVERSION = YES;
				CLANG_WARN_OBJC_ROOT_CLASS = YES_ERROR;
				CLANG_WARN_QUOTED_INCLUDE_IN_FRAMEWORK_HEADER = YES;
				CLANG_WARN_RANGE_LOOP_ANALYSIS = YES;
				CLANG_WARN_STRICT_PROTOTYPES = YES;
				CLANG_WARN_SUSPICIOUS_MOVE = YES;
				CLANG_WARN_UNGUARDED_AVAILABILITY = YES_AGGRESSIVE;
				CLANG_WARN_UNREACHABLE_CODE = YES;
				CLANG_WARN__DUPLICATE_METHOD_MATCH = YES;
				COPY_PHASE_STRIP = NO;
				DEBUG_INFORMATION_FORMAT = dwarf;
				ENABLE_STRICT_OBJC_MSGSEND = YES;
				ENABLE_TESTABILITY = YES;
				GCC_C_LANGUAGE_STANDARD = gnu11;
				GCC_DYNAMIC_NO_PIC = NO;
				GCC_NO_COMMON_BLOCKS = YES;
				GCC_OPTIMIZATION_LEVEL = 0;
				GCC_PREPROCESSOR_DEFINITIONS = (
					"DEBUG=1",
					"$(inherited)",
				);
				GCC_WARN_64_TO_32_BIT_CONVERSION = YES;
				GCC_WARN_ABOUT_RETURN_TYPE = YES_ERROR;
				GCC_WARN_UNDECLARED_SELECTOR = YES;
				GCC_WARN_UNINITIALIZED_AUTOS = YES_AGGRESSIVE;
				GCC_WARN_UNUSED_FUNCTION = YES;
				GCC_WARN_UNUSED_VARIABLE = YES;
				INFOPLIST_KEY_UISupportedInterfaceOrientations = "";
				INFOPLIST_KEY_UISupportedInterfaceOrientations_iPhone = UIInterfaceOrientationPortrait;
				INFOPLIST_KEY_UIUserInterfaceStyle = Light;
				IPHONEOS_DEPLOYMENT_TARGET = 14.0;
				MTL_ENABLE_DEBUG_INFO = INCLUDE_SOURCE;
				MTL_FAST_MATH = YES;
				ONLY_ACTIVE_ARCH = YES;
				SDKROOT = iphoneos;
				SWIFT_ACTIVE_COMPILATION_CONDITIONS = DEBUG;
				SWIFT_OPTIMIZATION_LEVEL = "-Onone";
			};
			name = Debug;
		};
		FB15CAFC297566DB00FEE718 /* Release */ = {
			isa = XCBuildConfiguration;
			buildSettings = {
				ALWAYS_SEARCH_USER_PATHS = NO;
				CLANG_ANALYZER_LOCALIZABILITY_NONLOCALIZED = YES;
				CLANG_ANALYZER_NONNULL = YES;
				CLANG_ANALYZER_NUMBER_OBJECT_CONVERSION = YES_AGGRESSIVE;
				CLANG_CXX_LANGUAGE_STANDARD = "gnu++20";
				CLANG_ENABLE_MODULES = YES;
				CLANG_ENABLE_OBJC_ARC = YES;
				CLANG_ENABLE_OBJC_WEAK = YES;
				CLANG_WARN_BLOCK_CAPTURE_AUTORELEASING = YES;
				CLANG_WARN_BOOL_CONVERSION = YES;
				CLANG_WARN_COMMA = YES;
				CLANG_WARN_CONSTANT_CONVERSION = YES;
				CLANG_WARN_DEPRECATED_OBJC_IMPLEMENTATIONS = YES;
				CLANG_WARN_DIRECT_OBJC_ISA_USAGE = YES_ERROR;
				CLANG_WARN_DOCUMENTATION_COMMENTS = YES;
				CLANG_WARN_EMPTY_BODY = YES;
				CLANG_WARN_ENUM_CONVERSION = YES;
				CLANG_WARN_INFINITE_RECURSION = YES;
				CLANG_WARN_INT_CONVERSION = YES;
				CLANG_WARN_NON_LITERAL_NULL_CONVERSION = YES;
				CLANG_WARN_OBJC_IMPLICIT_RETAIN_SELF = YES;
				CLANG_WARN_OBJC_LITERAL_CONVERSION = YES;
				CLANG_WARN_OBJC_ROOT_CLASS = YES_ERROR;
				CLANG_WARN_QUOTED_INCLUDE_IN_FRAMEWORK_HEADER = YES;
				CLANG_WARN_RANGE_LOOP_ANALYSIS = YES;
				CLANG_WARN_STRICT_PROTOTYPES = YES;
				CLANG_WARN_SUSPICIOUS_MOVE = YES;
				CLANG_WARN_UNGUARDED_AVAILABILITY = YES_AGGRESSIVE;
				CLANG_WARN_UNREACHABLE_CODE = YES;
				CLANG_WARN__DUPLICATE_METHOD_MATCH = YES;
				COPY_PHASE_STRIP = NO;
				DEBUG_INFORMATION_FORMAT = "dwarf-with-dsym";
				ENABLE_NS_ASSERTIONS = NO;
				ENABLE_STRICT_OBJC_MSGSEND = YES;
				GCC_C_LANGUAGE_STANDARD = gnu11;
				GCC_NO_COMMON_BLOCKS = YES;
				GCC_WARN_64_TO_32_BIT_CONVERSION = YES;
				GCC_WARN_ABOUT_RETURN_TYPE = YES_ERROR;
				GCC_WARN_UNDECLARED_SELECTOR = YES;
				GCC_WARN_UNINITIALIZED_AUTOS = YES_AGGRESSIVE;
				GCC_WARN_UNUSED_FUNCTION = YES;
				GCC_WARN_UNUSED_VARIABLE = YES;
				INFOPLIST_KEY_UISupportedInterfaceOrientations = "";
				INFOPLIST_KEY_UISupportedInterfaceOrientations_iPhone = UIInterfaceOrientationPortrait;
				INFOPLIST_KEY_UIUserInterfaceStyle = Light;
				IPHONEOS_DEPLOYMENT_TARGET = 14.0;
				MTL_ENABLE_DEBUG_INFO = NO;
				MTL_FAST_MATH = YES;
				SDKROOT = iphoneos;
				SWIFT_COMPILATION_MODE = wholemodule;
				SWIFT_OPTIMIZATION_LEVEL = "-O";
				VALIDATE_PRODUCT = YES;
			};
			name = Release;
		};
		FB15CAFE297566DB00FEE718 /* Debug */ = {
			isa = XCBuildConfiguration;
			buildSettings = {
				ASSETCATALOG_COMPILER_APPICON_NAME = AppIcon;
				ASSETCATALOG_COMPILER_GLOBAL_ACCENT_COLOR_NAME = AccentColor;
				CODE_SIGN_STYLE = Automatic;
				CURRENT_PROJECT_VERSION = 1;
				DEVELOPMENT_TEAM = 8ZV67K9B93;
				GENERATE_INFOPLIST_FILE = YES;
				INFOPLIST_FILE = Planets/Info.plist;
				INFOPLIST_KEY_CFBundleDisplayName = "Astropédia";
				INFOPLIST_KEY_LSApplicationCategoryType = "public.app-category.education";
				INFOPLIST_KEY_UIApplicationSupportsIndirectInputEvents = YES;
				INFOPLIST_KEY_UILaunchStoryboardName = LaunchScreen;
				INFOPLIST_KEY_UIMainStoryboardFile = Main;
				INFOPLIST_KEY_UISupportedInterfaceOrientations = "UIInterfaceOrientationLandscapeLeft UIInterfaceOrientationPortrait";
				INFOPLIST_KEY_UISupportedInterfaceOrientations_iPad = "UIInterfaceOrientationLandscapeLeft UIInterfaceOrientationLandscapeRight UIInterfaceOrientationPortrait UIInterfaceOrientationPortraitUpsideDown";
				INFOPLIST_KEY_UISupportedInterfaceOrientations_iPhone = UIInterfaceOrientationPortrait;
				INFOPLIST_KEY_UIUserInterfaceStyle = Light;
				IPHONEOS_DEPLOYMENT_TARGET = 14.0;
				LD_RUNPATH_SEARCH_PATHS = (
					"$(inherited)",
					"@executable_path/Frameworks",
				);
				MARKETING_VERSION = 1.0;
				PRODUCT_BUNDLE_IDENTIFIER = yves.charpentier.Planets;
				PRODUCT_NAME = "$(TARGET_NAME)";
				SUPPORTED_PLATFORMS = "iphoneos iphonesimulator";
				SUPPORTS_MACCATALYST = NO;
				SUPPORTS_MAC_DESIGNED_FOR_IPHONE_IPAD = NO;
				SWIFT_EMIT_LOC_STRINGS = YES;
				SWIFT_VERSION = 5.0;
				TARGETED_DEVICE_FAMILY = 1;
			};
			name = Debug;
		};
		FB15CAFF297566DB00FEE718 /* Release */ = {
			isa = XCBuildConfiguration;
			buildSettings = {
				ASSETCATALOG_COMPILER_APPICON_NAME = AppIcon;
				ASSETCATALOG_COMPILER_GLOBAL_ACCENT_COLOR_NAME = AccentColor;
				CODE_SIGN_STYLE = Automatic;
				CURRENT_PROJECT_VERSION = 1;
				DEVELOPMENT_TEAM = 8ZV67K9B93;
				GENERATE_INFOPLIST_FILE = YES;
				INFOPLIST_FILE = Planets/Info.plist;
				INFOPLIST_KEY_CFBundleDisplayName = "Astropédia";
				INFOPLIST_KEY_LSApplicationCategoryType = "public.app-category.education";
				INFOPLIST_KEY_UIApplicationSupportsIndirectInputEvents = YES;
				INFOPLIST_KEY_UILaunchStoryboardName = LaunchScreen;
				INFOPLIST_KEY_UIMainStoryboardFile = Main;
				INFOPLIST_KEY_UISupportedInterfaceOrientations = "UIInterfaceOrientationLandscapeLeft UIInterfaceOrientationPortrait";
				INFOPLIST_KEY_UISupportedInterfaceOrientations_iPad = "UIInterfaceOrientationLandscapeLeft UIInterfaceOrientationLandscapeRight UIInterfaceOrientationPortrait UIInterfaceOrientationPortraitUpsideDown";
				INFOPLIST_KEY_UISupportedInterfaceOrientations_iPhone = UIInterfaceOrientationPortrait;
				INFOPLIST_KEY_UIUserInterfaceStyle = Light;
				IPHONEOS_DEPLOYMENT_TARGET = 14.0;
				LD_RUNPATH_SEARCH_PATHS = (
					"$(inherited)",
					"@executable_path/Frameworks",
				);
				MARKETING_VERSION = 1.0;
				PRODUCT_BUNDLE_IDENTIFIER = yves.charpentier.Planets;
				PRODUCT_NAME = "$(TARGET_NAME)";
				SUPPORTED_PLATFORMS = "iphoneos iphonesimulator";
				SUPPORTS_MACCATALYST = NO;
				SUPPORTS_MAC_DESIGNED_FOR_IPHONE_IPAD = NO;
				SWIFT_EMIT_LOC_STRINGS = YES;
				SWIFT_VERSION = 5.0;
				TARGETED_DEVICE_FAMILY = 1;
			};
			name = Release;
		};
		FB15CB01297566DB00FEE718 /* Debug */ = {
			isa = XCBuildConfiguration;
			buildSettings = {
				ALWAYS_EMBED_SWIFT_STANDARD_LIBRARIES = YES;
				BUNDLE_LOADER = "$(TEST_HOST)";
				CODE_SIGN_STYLE = Automatic;
				CURRENT_PROJECT_VERSION = 1;
				DEVELOPMENT_TEAM = 8ZV67K9B93;
				GENERATE_INFOPLIST_FILE = YES;
				IPHONEOS_DEPLOYMENT_TARGET = 16.2;
				MARKETING_VERSION = 1.0;
				PRODUCT_BUNDLE_IDENTIFIER = yves.charpentier.PlanetsTests;
				PRODUCT_NAME = "$(TARGET_NAME)";
				SWIFT_EMIT_LOC_STRINGS = NO;
				SWIFT_VERSION = 5.0;
				TARGETED_DEVICE_FAMILY = "1,2";
				TEST_HOST = "$(BUILT_PRODUCTS_DIR)/Planets.app/$(BUNDLE_EXECUTABLE_FOLDER_PATH)/Planets";
			};
			name = Debug;
		};
		FB15CB02297566DB00FEE718 /* Release */ = {
			isa = XCBuildConfiguration;
			buildSettings = {
				ALWAYS_EMBED_SWIFT_STANDARD_LIBRARIES = YES;
				BUNDLE_LOADER = "$(TEST_HOST)";
				CODE_SIGN_STYLE = Automatic;
				CURRENT_PROJECT_VERSION = 1;
				DEVELOPMENT_TEAM = 8ZV67K9B93;
				GENERATE_INFOPLIST_FILE = YES;
				IPHONEOS_DEPLOYMENT_TARGET = 16.2;
				MARKETING_VERSION = 1.0;
				PRODUCT_BUNDLE_IDENTIFIER = yves.charpentier.PlanetsTests;
				PRODUCT_NAME = "$(TARGET_NAME)";
				SWIFT_EMIT_LOC_STRINGS = NO;
				SWIFT_VERSION = 5.0;
				TARGETED_DEVICE_FAMILY = "1,2";
				TEST_HOST = "$(BUILT_PRODUCTS_DIR)/Planets.app/$(BUNDLE_EXECUTABLE_FOLDER_PATH)/Planets";
			};
			name = Release;
		};
		FB15CB04297566DB00FEE718 /* Debug */ = {
			isa = XCBuildConfiguration;
			buildSettings = {
				ALWAYS_EMBED_SWIFT_STANDARD_LIBRARIES = YES;
				CODE_SIGN_STYLE = Automatic;
				CURRENT_PROJECT_VERSION = 1;
				DEVELOPMENT_TEAM = 8ZV67K9B93;
				GENERATE_INFOPLIST_FILE = YES;
				MARKETING_VERSION = 1.0;
				PRODUCT_BUNDLE_IDENTIFIER = yves.charpentier.PlanetsUITests;
				PRODUCT_NAME = "$(TARGET_NAME)";
				SWIFT_EMIT_LOC_STRINGS = NO;
				SWIFT_VERSION = 5.0;
				TARGETED_DEVICE_FAMILY = "1,2";
				TEST_TARGET_NAME = Planets;
			};
			name = Debug;
		};
		FB15CB05297566DB00FEE718 /* Release */ = {
			isa = XCBuildConfiguration;
			buildSettings = {
				ALWAYS_EMBED_SWIFT_STANDARD_LIBRARIES = YES;
				CODE_SIGN_STYLE = Automatic;
				CURRENT_PROJECT_VERSION = 1;
				DEVELOPMENT_TEAM = 8ZV67K9B93;
				GENERATE_INFOPLIST_FILE = YES;
				MARKETING_VERSION = 1.0;
				PRODUCT_BUNDLE_IDENTIFIER = yves.charpentier.PlanetsUITests;
				PRODUCT_NAME = "$(TARGET_NAME)";
				SWIFT_EMIT_LOC_STRINGS = NO;
				SWIFT_VERSION = 5.0;
				TARGETED_DEVICE_FAMILY = "1,2";
				TEST_TARGET_NAME = Planets;
			};
			name = Release;
		};
/* End XCBuildConfiguration section */

/* Begin XCConfigurationList section */
		FB15CACE297566D800FEE718 /* Build configuration list for PBXProject "Planets" */ = {
			isa = XCConfigurationList;
			buildConfigurations = (
				FB15CAFB297566DB00FEE718 /* Debug */,
				FB15CAFC297566DB00FEE718 /* Release */,
			);
			defaultConfigurationIsVisible = 0;
			defaultConfigurationName = Release;
		};
		FB15CAFD297566DB00FEE718 /* Build configuration list for PBXNativeTarget "Planets" */ = {
			isa = XCConfigurationList;
			buildConfigurations = (
				FB15CAFE297566DB00FEE718 /* Debug */,
				FB15CAFF297566DB00FEE718 /* Release */,
			);
			defaultConfigurationIsVisible = 0;
			defaultConfigurationName = Release;
		};
		FB15CB00297566DB00FEE718 /* Build configuration list for PBXNativeTarget "PlanetsTests" */ = {
			isa = XCConfigurationList;
			buildConfigurations = (
				FB15CB01297566DB00FEE718 /* Debug */,
				FB15CB02297566DB00FEE718 /* Release */,
			);
			defaultConfigurationIsVisible = 0;
			defaultConfigurationName = Release;
		};
		FB15CB03297566DB00FEE718 /* Build configuration list for PBXNativeTarget "PlanetsUITests" */ = {
			isa = XCConfigurationList;
			buildConfigurations = (
				FB15CB04297566DB00FEE718 /* Debug */,
				FB15CB05297566DB00FEE718 /* Release */,
			);
			defaultConfigurationIsVisible = 0;
			defaultConfigurationName = Release;
		};
/* End XCConfigurationList section */

/* Begin XCRemoteSwiftPackageReference section */
		FB15CB0D29756EDA00FEE718 /* XCRemoteSwiftPackageReference "firebase-ios-sdk" */ = {
			isa = XCRemoteSwiftPackageReference;
			repositoryURL = "https://github.com/firebase/firebase-ios-sdk";
			requirement = {
				kind = upToNextMajorVersion;
				minimumVersion = 9.0.0;
			};
		};
/* End XCRemoteSwiftPackageReference section */

/* Begin XCSwiftPackageProductDependency section */
		FB15CB0E29756EDA00FEE718 /* FirebaseAnalytics */ = {
			isa = XCSwiftPackageProductDependency;
			package = FB15CB0D29756EDA00FEE718 /* XCRemoteSwiftPackageReference "firebase-ios-sdk" */;
			productName = FirebaseAnalytics;
		};
		FB15CB1029756EDA00FEE718 /* FirebaseAuth */ = {
			isa = XCSwiftPackageProductDependency;
			package = FB15CB0D29756EDA00FEE718 /* XCRemoteSwiftPackageReference "firebase-ios-sdk" */;
			productName = FirebaseAuth;
		};
		FB15CB1229756EDA00FEE718 /* FirebaseCrashlytics */ = {
			isa = XCSwiftPackageProductDependency;
			package = FB15CB0D29756EDA00FEE718 /* XCRemoteSwiftPackageReference "firebase-ios-sdk" */;
			productName = FirebaseCrashlytics;
		};
		FB15CB1429756EDA00FEE718 /* FirebaseDatabase */ = {
			isa = XCSwiftPackageProductDependency;
			package = FB15CB0D29756EDA00FEE718 /* XCRemoteSwiftPackageReference "firebase-ios-sdk" */;
			productName = FirebaseDatabase;
		};
		FB15CB1629756EDA00FEE718 /* FirebaseFirestore */ = {
			isa = XCSwiftPackageProductDependency;
			package = FB15CB0D29756EDA00FEE718 /* XCRemoteSwiftPackageReference "firebase-ios-sdk" */;
			productName = FirebaseFirestore;
		};
		FB15CB1829756EDB00FEE718 /* FirebaseStorage */ = {
			isa = XCSwiftPackageProductDependency;
			package = FB15CB0D29756EDA00FEE718 /* XCRemoteSwiftPackageReference "firebase-ios-sdk" */;
			productName = FirebaseStorage;
		};
/* End XCSwiftPackageProductDependency section */
	};
	rootObject = FB15CACB297566D800FEE718 /* Project object */;
}
